// !$*UTF8*$!
{
	archiveVersion = 1;
	classes = {
	};
	objectVersion = 52;
	objects = {

/* Begin PBXBuildFile section */
		0869D152CAA23394AB4F4D5A /* Pods_MissingPet.framework in Frameworks */ = {isa = PBXBuildFile; fileRef = 63777CC3059639FABDD46E8C /* Pods_MissingPet.framework */; };
		9D2917D925F6386C00707FB6 /* JSON.swift in Sources */ = {isa = PBXBuildFile; fileRef = 9D2917D825F6386C00707FB6 /* JSON.swift */; };
		9D33D8B525D6EFD9008F40A8 /* ProfileInfoView.swift in Sources */ = {isa = PBXBuildFile; fileRef = 9D33D8B425D6EFD9008F40A8 /* ProfileInfoView.swift */; };
		9D33D8B925D6EFE8008F40A8 /* ProfileInfoView.xib in Resources */ = {isa = PBXBuildFile; fileRef = 9D33D8B825D6EFE8008F40A8 /* ProfileInfoView.xib */; };
		9D5D4DB425EE4C0A00F6F1A6 /* PlaceRepositoryType.swift in Sources */ = {isa = PBXBuildFile; fileRef = 9D5D4DB325EE4C0A00F6F1A6 /* PlaceRepositoryType.swift */; };
		9D5D4DB825EE4C6700F6F1A6 /* PlaceRepository.swift in Sources */ = {isa = PBXBuildFile; fileRef = 9D5D4DB725EE4C6700F6F1A6 /* PlaceRepository.swift */; };
		9D5D4DBB25EE515800F6F1A6 /* PlaceItem.swift in Sources */ = {isa = PBXBuildFile; fileRef = 9D5D4DBA25EE515800F6F1A6 /* PlaceItem.swift */; };
		9D7337BA25E500B9005BA301 /* AlertService.swift in Sources */ = {isa = PBXBuildFile; fileRef = 9D7337B925E500B9005BA301 /* AlertService.swift */; };
		9D7E9E8025F1E35B000A1861 /* UserInfoRespositoryType.swift in Sources */ = {isa = PBXBuildFile; fileRef = 9D7E9E7F25F1E35B000A1861 /* UserInfoRespositoryType.swift */; };
		9D7E9E8325F1E3BC000A1861 /* UserInfoRepository.swift in Sources */ = {isa = PBXBuildFile; fileRef = 9D7E9E8225F1E3BC000A1861 /* UserInfoRepository.swift */; };
		9D8CE6CC25F4D65C00E28DE8 /* Profile.storyboard in Resources */ = {isa = PBXBuildFile; fileRef = 9D8CE6CB25F4D65C00E28DE8 /* Profile.storyboard */; };
		9DA2965925F7A08900C33C7D /* MissingPetTests.swift in Sources */ = {isa = PBXBuildFile; fileRef = 9DA2965825F7A08900C33C7D /* MissingPetTests.swift */; };
		9DA2966925F7A0B000C33C7D /* MissingPetUITests.swift in Sources */ = {isa = PBXBuildFile; fileRef = 9DA2966825F7A0B000C33C7D /* MissingPetUITests.swift */; };
		9DB3130725E803010073ABF7 /* UITableView.swift in Sources */ = {isa = PBXBuildFile; fileRef = 9DB3130625E803010073ABF7 /* UITableView.swift */; };
		9DC2D10D25E461360041BE1B /* ConnectionService.swift in Sources */ = {isa = PBXBuildFile; fileRef = 9DC2D10C25E461360041BE1B /* ConnectionService.swift */; };
		9DD7F19925D96EB50024169F /* AnnouncementListResult.swift in Sources */ = {isa = PBXBuildFile; fileRef = 9DD7F19825D96EB50024169F /* AnnouncementListResult.swift */; };
		C801550A2599EFD800601D76 /* PhotoView.swift in Sources */ = {isa = PBXBuildFile; fileRef = C80155092599EFD800601D76 /* PhotoView.swift */; };
		C801550D2599EFE800601D76 /* PhotoView.xib in Resources */ = {isa = PBXBuildFile; fileRef = C801550C2599EFE800601D76 /* PhotoView.xib */; };
		C8015511259A070500601D76 /* PhoneNumberTextFieldWithLabel.xib in Resources */ = {isa = PBXBuildFile; fileRef = C8015510259A070500601D76 /* PhoneNumberTextFieldWithLabel.xib */; };
		C8015514259A071E00601D76 /* PhoneNumberTextFieldWithLabel.swift in Sources */ = {isa = PBXBuildFile; fileRef = C8015513259A071E00601D76 /* PhoneNumberTextFieldWithLabel.swift */; };
		C801551B259A1FEC00601D76 /* CommentTextViewWithLabel.swift in Sources */ = {isa = PBXBuildFile; fileRef = C801551A259A1FEC00601D76 /* CommentTextViewWithLabel.swift */; };
		C801551E259A201D00601D76 /* CommentTextViewWithLabel.xib in Resources */ = {isa = PBXBuildFile; fileRef = C801551D259A201D00601D76 /* CommentTextViewWithLabel.xib */; };
		C80D84192599507300342234 /* ViewWithLabelAndImageView.xib in Resources */ = {isa = PBXBuildFile; fileRef = C80D84182599507300342234 /* ViewWithLabelAndImageView.xib */; };
		C80D841C2599508700342234 /* ViewWithLabelAndImageView.swift in Sources */ = {isa = PBXBuildFile; fileRef = C80D841B2599508700342234 /* ViewWithLabelAndImageView.swift */; };
		C811477525684A5D00620D1E /* ProfileNavigationController.swift in Sources */ = {isa = PBXBuildFile; fileRef = C811477425684A5D00620D1E /* ProfileNavigationController.swift */; };
		C811477A25684AF800620D1E /* ProfilePresenter.swift in Sources */ = {isa = PBXBuildFile; fileRef = C811477925684AF800620D1E /* ProfilePresenter.swift */; };
		C814C358258D4F2B000EF0B9 /* UserDefaultsAccessor.swift in Sources */ = {isa = PBXBuildFile; fileRef = C814C357258D4F2B000EF0B9 /* UserDefaultsAccessor.swift */; };
		C814C35C258D4F7E000EF0B9 /* PlaceSearchViewController.swift in Sources */ = {isa = PBXBuildFile; fileRef = C814C35B258D4F7E000EF0B9 /* PlaceSearchViewController.swift */; };
		C814C361258D4FAA000EF0B9 /* PlaceSearch.storyboard in Resources */ = {isa = PBXBuildFile; fileRef = C814C360258D4FAA000EF0B9 /* PlaceSearch.storyboard */; };
		C814C365258D4FBE000EF0B9 /* PlaceSearchPresenter.swift in Sources */ = {isa = PBXBuildFile; fileRef = C814C364258D4FBE000EF0B9 /* PlaceSearchPresenter.swift */; };
		C816F94425748AF900C0E71E /* ImagePreviewPresenter.swift in Sources */ = {isa = PBXBuildFile; fileRef = C816F94325748AF900C0E71E /* ImagePreviewPresenter.swift */; };
		C816F94825748B2400C0E71E /* ImagePreviewViewController.swift in Sources */ = {isa = PBXBuildFile; fileRef = C816F94725748B2400C0E71E /* ImagePreviewViewController.swift */; };
		C81E11132598049300AE24AD /* TextFieldWithImageView.xib in Resources */ = {isa = PBXBuildFile; fileRef = C81E11122598049300AE24AD /* TextFieldWithImageView.xib */; };
		C81E11162598072C00AE24AD /* TextFieldWithImageView.swift in Sources */ = {isa = PBXBuildFile; fileRef = C81E11152598072C00AE24AD /* TextFieldWithImageView.swift */; };
		C82B02E625228A0900C5DBC1 /* ShadowView.swift in Sources */ = {isa = PBXBuildFile; fileRef = C82B02E525228A0900C5DBC1 /* ShadowView.swift */; };
		C834D5432522560E0070E3F6 /* UISetter.swift in Sources */ = {isa = PBXBuildFile; fileRef = C834D5422522560E0070E3F6 /* UISetter.swift */; };
		C850261C255338770068D687 /* AnnouncementRepositoryType.swift in Sources */ = {isa = PBXBuildFile; fileRef = C850261B255338770068D687 /* AnnouncementRepositoryType.swift */; };
		C8502620255338D00068D687 /* AnnouncementItem.swift in Sources */ = {isa = PBXBuildFile; fileRef = C850261F255338D00068D687 /* AnnouncementItem.swift */; };
		C85DEC99258834CE005E8A21 /* AuthorizationRepository.swift in Sources */ = {isa = PBXBuildFile; fileRef = C85DEC98258834CE005E8A21 /* AuthorizationRepository.swift */; };
		C860969B2572EA4800E90F61 /* SignUp.storyboard in Resources */ = {isa = PBXBuildFile; fileRef = C860969A2572EA4800E90F61 /* SignUp.storyboard */; };
		C860969E2572EA6500E90F61 /* SignUpViewController.swift in Sources */ = {isa = PBXBuildFile; fileRef = C860969D2572EA6500E90F61 /* SignUpViewController.swift */; };
		C86096A12572EA7400E90F61 /* SignUpPresenter.swift in Sources */ = {isa = PBXBuildFile; fileRef = C86096A02572EA7400E90F61 /* SignUpPresenter.swift */; };
		C86096A42572EBBD00E90F61 /* SignUpNavigationController.swift in Sources */ = {isa = PBXBuildFile; fileRef = C86096A32572EBBD00E90F61 /* SignUpNavigationController.swift */; };
		C8695B5B256828B1001A3D04 /* ProfileViewController.swift in Sources */ = {isa = PBXBuildFile; fileRef = C8695B5A256828B1001A3D04 /* ProfileViewController.swift */; };
		C87DDD7D25975F6900F87B9F /* Constants.swift in Sources */ = {isa = PBXBuildFile; fileRef = C87DDD7C25975F6900F87B9F /* Constants.swift */; };
		C87DDD802597614C00F87B9F /* AppSettings.swift in Sources */ = {isa = PBXBuildFile; fileRef = C87DDD7F2597614C00F87B9F /* AppSettings.swift */; };
		C87FCB3D25252BF800BDDE17 /* Assets.xcassets in Resources */ = {isa = PBXBuildFile; fileRef = C87FCB3C25252BF800BDDE17 /* Assets.xcassets */; };
		C88F368C259656360034F8C7 /* AnnouncementType.swift in Sources */ = {isa = PBXBuildFile; fileRef = C88F368B259656360034F8C7 /* AnnouncementType.swift */; };
		C88F36902596564E0034F8C7 /* AnimalType.swift in Sources */ = {isa = PBXBuildFile; fileRef = C88F368F2596564E0034F8C7 /* AnimalType.swift */; };
		C88F369625966B7E0034F8C7 /* AnnouncmenetsMapItem.swift in Sources */ = {isa = PBXBuildFile; fileRef = C88F369525966B7E0034F8C7 /* AnnouncmenetsMapItem.swift */; };
		C89455282576C26D004A85EB /* AnnouncementPointAnnotation.swift in Sources */ = {isa = PBXBuildFile; fileRef = C89455272576C26D004A85EB /* AnnouncementPointAnnotation.swift */; };
		C898AD1325507DCC00DEBFF1 /* InspectAnnouncement.storyboard in Resources */ = {isa = PBXBuildFile; fileRef = C898AD1225507DCC00DEBFF1 /* InspectAnnouncement.storyboard */; };
		C898AD1625507DE800DEBFF1 /* InspectAnnouncementPresenter.swift in Sources */ = {isa = PBXBuildFile; fileRef = C898AD1525507DE700DEBFF1 /* InspectAnnouncementPresenter.swift */; };
		C898AD1925507E1600DEBFF1 /* InspectAnnouncementViewController.swift in Sources */ = {isa = PBXBuildFile; fileRef = C898AD1825507E1600DEBFF1 /* InspectAnnouncementViewController.swift */; };
		C898AD432550CD1500DEBFF1 /* NavigationController.swift in Sources */ = {isa = PBXBuildFile; fileRef = C898AD422550CD1500DEBFF1 /* NavigationController.swift */; };
		C898AD472550CF5D00DEBFF1 /* Fonts.swift in Sources */ = {isa = PBXBuildFile; fileRef = C898AD462550CF5D00DEBFF1 /* Fonts.swift */; };
		C89F486425985E6B001F0137 /* UIView.swift in Sources */ = {isa = PBXBuildFile; fileRef = C89F486325985E6B001F0137 /* UIView.swift */; };
		C89F99FE254477E60022C7C4 /* Colors.swift in Sources */ = {isa = PBXBuildFile; fileRef = C89F99FD254477E60022C7C4 /* Colors.swift */; };
		C8A5811A257447DA00671029 /* AnnouncementRepository.swift in Sources */ = {isa = PBXBuildFile; fileRef = C8A58119257447DA00671029 /* AnnouncementRepository.swift */; };
		C8A5811D25744AD800671029 /* AuthorizationRepositoryType.swift in Sources */ = {isa = PBXBuildFile; fileRef = C8A5811C25744AD800671029 /* AuthorizationRepositoryType.swift */; };
		C8A581392574713600671029 /* ImageScrollView.swift in Sources */ = {isa = PBXBuildFile; fileRef = C8A581382574713600671029 /* ImageScrollView.swift */; };
		C8AE325E258D56AE002EAF6F /* AddressTableViewCell.swift in Sources */ = {isa = PBXBuildFile; fileRef = C8AE325C258D56AE002EAF6F /* AddressTableViewCell.swift */; };
		C8AE325F258D56AE002EAF6F /* AddressTableViewCell.xib in Resources */ = {isa = PBXBuildFile; fileRef = C8AE325D258D56AE002EAF6F /* AddressTableViewCell.xib */; };
		C8AFE656254ADBEA00675026 /* MainTabBar.swift in Sources */ = {isa = PBXBuildFile; fileRef = C8AFE655254ADBEA00675026 /* MainTabBar.swift */; };
		C8BAF7A0254A13F7002C3855 /* AnnouncementTableViewCell.swift in Sources */ = {isa = PBXBuildFile; fileRef = C8BAF79E254A13F7002C3855 /* AnnouncementTableViewCell.swift */; };
		C8BAF7A1254A13F7002C3855 /* AnnouncementTableViewCell.xib in Resources */ = {isa = PBXBuildFile; fileRef = C8BAF79F254A13F7002C3855 /* AnnouncementTableViewCell.xib */; };
		C8BAF7CF254A165F002C3855 /* SFUIText-HeavyItalic.ttf in Resources */ = {isa = PBXBuildFile; fileRef = C8BAF7BA254A165B002C3855 /* SFUIText-HeavyItalic.ttf */; };
		C8BAF7D0254A165F002C3855 /* SFUIText-Medium.ttf in Resources */ = {isa = PBXBuildFile; fileRef = C8BAF7BB254A165B002C3855 /* SFUIText-Medium.ttf */; };
		C8BAF7D1254A165F002C3855 /* SFUIDisplay-Black.ttf in Resources */ = {isa = PBXBuildFile; fileRef = C8BAF7BC254A165B002C3855 /* SFUIDisplay-Black.ttf */; };
		C8BAF7D2254A165F002C3855 /* SFUIText-LightItalic.ttf in Resources */ = {isa = PBXBuildFile; fileRef = C8BAF7BD254A165B002C3855 /* SFUIText-LightItalic.ttf */; };
		C8BAF7D3254A165F002C3855 /* SFUIDisplay-Regular.ttf in Resources */ = {isa = PBXBuildFile; fileRef = C8BAF7BE254A165C002C3855 /* SFUIDisplay-Regular.ttf */; };
		C8BAF7D4254A165F002C3855 /* SFUIText-MediumItalic.ttf in Resources */ = {isa = PBXBuildFile; fileRef = C8BAF7BF254A165C002C3855 /* SFUIText-MediumItalic.ttf */; };
		C8BAF7D5254A165F002C3855 /* SFUIDisplay-Light.ttf in Resources */ = {isa = PBXBuildFile; fileRef = C8BAF7C0254A165C002C3855 /* SFUIDisplay-Light.ttf */; };
		C8BAF7D6254A165F002C3855 /* SFUIText-Bold.ttf in Resources */ = {isa = PBXBuildFile; fileRef = C8BAF7C1254A165C002C3855 /* SFUIText-Bold.ttf */; };
		C8BAF7D7254A165F002C3855 /* SFUIDisplay-Bold.ttf in Resources */ = {isa = PBXBuildFile; fileRef = C8BAF7C2254A165C002C3855 /* SFUIDisplay-Bold.ttf */; };
		C8BAF7D8254A165F002C3855 /* SFUIDisplay-Thin.ttf in Resources */ = {isa = PBXBuildFile; fileRef = C8BAF7C3254A165C002C3855 /* SFUIDisplay-Thin.ttf */; };
		C8BAF7D9254A165F002C3855 /* SFUIText-Light.ttf in Resources */ = {isa = PBXBuildFile; fileRef = C8BAF7C4254A165D002C3855 /* SFUIText-Light.ttf */; };
		C8BAF7DA254A165F002C3855 /* SFUIText-Semibold.ttf in Resources */ = {isa = PBXBuildFile; fileRef = C8BAF7C5254A165D002C3855 /* SFUIText-Semibold.ttf */; };
		C8BAF7DB254A165F002C3855 /* SFUIText-SemiboldItalic.ttf in Resources */ = {isa = PBXBuildFile; fileRef = C8BAF7C6254A165D002C3855 /* SFUIText-SemiboldItalic.ttf */; };
		C8BAF7DC254A165F002C3855 /* SFUIDisplay-Heavy.ttf in Resources */ = {isa = PBXBuildFile; fileRef = C8BAF7C7254A165D002C3855 /* SFUIDisplay-Heavy.ttf */; };
		C8BAF7DD254A165F002C3855 /* SFUIDisplay-Ultralight.ttf in Resources */ = {isa = PBXBuildFile; fileRef = C8BAF7C8254A165D002C3855 /* SFUIDisplay-Ultralight.ttf */; };
		C8BAF7DE254A165F002C3855 /* SFUIText-BoldItalic.ttf in Resources */ = {isa = PBXBuildFile; fileRef = C8BAF7C9254A165D002C3855 /* SFUIText-BoldItalic.ttf */; };
		C8BAF7DF254A165F002C3855 /* SFUIText-RegularItalic.ttf in Resources */ = {isa = PBXBuildFile; fileRef = C8BAF7CA254A165E002C3855 /* SFUIText-RegularItalic.ttf */; };
		C8BAF7E0254A165F002C3855 /* SFUIText-Regular.ttf in Resources */ = {isa = PBXBuildFile; fileRef = C8BAF7CB254A165E002C3855 /* SFUIText-Regular.ttf */; };
		C8BAF7E1254A165F002C3855 /* SFUIDisplay-Medium.ttf in Resources */ = {isa = PBXBuildFile; fileRef = C8BAF7CC254A165E002C3855 /* SFUIDisplay-Medium.ttf */; };
		C8BAF7E2254A165F002C3855 /* SFUIDisplay-Semibold.ttf in Resources */ = {isa = PBXBuildFile; fileRef = C8BAF7CD254A165E002C3855 /* SFUIDisplay-Semibold.ttf */; };
		C8BAF7E3254A165F002C3855 /* SFUIText-Heavy.ttf in Resources */ = {isa = PBXBuildFile; fileRef = C8BAF7CE254A165F002C3855 /* SFUIText-Heavy.ttf */; };
		C8BAF7EA254A1C7B002C3855 /* MyAnnouncementsViewController.swift in Sources */ = {isa = PBXBuildFile; fileRef = C8BAF7E9254A1C7B002C3855 /* MyAnnouncementsViewController.swift */; };
		C8BAF7ED254A1CA0002C3855 /* MyAnnouncementsNavigationController.swift in Sources */ = {isa = PBXBuildFile; fileRef = C8BAF7EC254A1CA0002C3855 /* MyAnnouncementsNavigationController.swift */; };
		C8BAF7F0254A1CB1002C3855 /* MyAnnouncementsPresenter.swift in Sources */ = {isa = PBXBuildFile; fileRef = C8BAF7EF254A1CB1002C3855 /* MyAnnouncementsPresenter.swift */; };
		C8BAF7F3254A1E3A002C3855 /* MyAnnouncements.storyboard in Resources */ = {isa = PBXBuildFile; fileRef = C8BAF7F2254A1E3A002C3855 /* MyAnnouncements.storyboard */; };
		C8BAF7F7254A24E1002C3855 /* AnnouncementImageView.swift in Sources */ = {isa = PBXBuildFile; fileRef = C8BAF7F6254A24E1002C3855 /* AnnouncementImageView.swift */; };
		C8BAF7FE254A283F002C3855 /* MapPresenter.swift in Sources */ = {isa = PBXBuildFile; fileRef = C8BAF7FD254A283F002C3855 /* MapPresenter.swift */; };
		C8BAF801254A2873002C3855 /* MapNavigationController.swift in Sources */ = {isa = PBXBuildFile; fileRef = C8BAF800254A2873002C3855 /* MapNavigationController.swift */; };
		C8BAF804254A288E002C3855 /* MapViewController.swift in Sources */ = {isa = PBXBuildFile; fileRef = C8BAF803254A288E002C3855 /* MapViewController.swift */; };
		C8BAF809254A28F8002C3855 /* CreateAnnouncementPresenter.swift in Sources */ = {isa = PBXBuildFile; fileRef = C8BAF808254A28F8002C3855 /* CreateAnnouncementPresenter.swift */; };
		C8BAF80D254A290B002C3855 /* Map.storyboard in Resources */ = {isa = PBXBuildFile; fileRef = C8BAF80C254A290B002C3855 /* Map.storyboard */; };
		C8BAF811254A298E002C3855 /* CreateAnnouncementViewController.swift in Sources */ = {isa = PBXBuildFile; fileRef = C8BAF810254A298E002C3855 /* CreateAnnouncementViewController.swift */; };
		C8BAF815254A29FE002C3855 /* CreateAnnouncementNavigationController.swift in Sources */ = {isa = PBXBuildFile; fileRef = C8BAF814254A29FE002C3855 /* CreateAnnouncementNavigationController.swift */; };
		C8BCC98D2524C6A900FB3164 /* Feed.storyboard in Resources */ = {isa = PBXBuildFile; fileRef = C8BCC98C2524C6A900FB3164 /* Feed.storyboard */; };
		C8C9632A254A3EE7002850C7 /* CreateAnnouncement.storyboard in Resources */ = {isa = PBXBuildFile; fileRef = C8C96329254A3EE7002850C7 /* CreateAnnouncement.storyboard */; };
		C8CA02BA2520BDAD00C22815 /* AppDelegate.swift in Sources */ = {isa = PBXBuildFile; fileRef = C8CA02B92520BDAD00C22815 /* AppDelegate.swift */; };
		C8CA02C62520BDB000C22815 /* LaunchScreen.storyboard in Resources */ = {isa = PBXBuildFile; fileRef = C8CA02C42520BDB000C22815 /* LaunchScreen.storyboard */; };
		C8CB001B258A367500DF4734 /* Date.swift in Sources */ = {isa = PBXBuildFile; fileRef = C8CB001A258A367500DF4734 /* Date.swift */; };
		C8E3432B25A87CE5000C95B4 /* UITableViewCell.swift in Sources */ = {isa = PBXBuildFile; fileRef = C8E3432A25A87CE5000C95B4 /* UITableViewCell.swift */; };
		C8F441BF2520D2E800A6570D /* ViewType.swift in Sources */ = {isa = PBXBuildFile; fileRef = C8F441BE2520D2E800A6570D /* ViewType.swift */; };
		C8F441C32520D30500A6570D /* PresenterType.swift in Sources */ = {isa = PBXBuildFile; fileRef = C8F441C22520D30500A6570D /* PresenterType.swift */; };
		C8F441C62520D3D900A6570D /* StoryboardInstanceType.swift in Sources */ = {isa = PBXBuildFile; fileRef = C8F441C52520D3D900A6570D /* StoryboardInstanceType.swift */; };
		C8F441C92520D90D00A6570D /* UIWindow.swift in Sources */ = {isa = PBXBuildFile; fileRef = C8F441C82520D90D00A6570D /* UIWindow.swift */; };
		C8F441CC2520D94E00A6570D /* Navigator.swift in Sources */ = {isa = PBXBuildFile; fileRef = C8F441CB2520D94E00A6570D /* Navigator.swift */; };
		C8F441CF2520D96C00A6570D /* Controller.swift in Sources */ = {isa = PBXBuildFile; fileRef = C8F441CE2520D96C00A6570D /* Controller.swift */; };
		C8F441D72520DD8E00A6570D /* Storyboard.swift in Sources */ = {isa = PBXBuildFile; fileRef = C8F441D62520DD8E00A6570D /* Storyboard.swift */; };
		C8F441E22520DEB100A6570D /* FeedPresenter.swift in Sources */ = {isa = PBXBuildFile; fileRef = C8F441E12520DEB100A6570D /* FeedPresenter.swift */; };
		C8F441E62520DEEA00A6570D /* FeedViewController.swift in Sources */ = {isa = PBXBuildFile; fileRef = C8F441E52520DEEA00A6570D /* FeedViewController.swift */; };
		C8F441E92520DF5600A6570D /* FeedNavigationController.swift in Sources */ = {isa = PBXBuildFile; fileRef = C8F441E82520DF5600A6570D /* FeedNavigationController.swift */; };
		C8F76C52253C828200ED71C4 /* Router.swift in Sources */ = {isa = PBXBuildFile; fileRef = C8F76C51253C828200ED71C4 /* Router.swift */; };
		C8FDF0AF252479B000A2C962 /* MainTabBarController.swift in Sources */ = {isa = PBXBuildFile; fileRef = C8FDF0AE252479B000A2C962 /* MainTabBarController.swift */; };
		C8FDF0B3252479C800A2C962 /* Main.storyboard in Resources */ = {isa = PBXBuildFile; fileRef = C8FDF0B2252479C800A2C962 /* Main.storyboard */; };
/* End PBXBuildFile section */

/* Begin PBXContainerItemProxy section */
		9DA2965B25F7A08900C33C7D /* PBXContainerItemProxy */ = {
			isa = PBXContainerItemProxy;
			containerPortal = C8CA02AE2520BDAC00C22815 /* Project object */;
			proxyType = 1;
			remoteGlobalIDString = C8CA02B52520BDAC00C22815;
			remoteInfo = MissingPet;
		};
		9DA2966B25F7A0B000C33C7D /* PBXContainerItemProxy */ = {
			isa = PBXContainerItemProxy;
			containerPortal = C8CA02AE2520BDAC00C22815 /* Project object */;
			proxyType = 1;
			remoteGlobalIDString = C8CA02B52520BDAC00C22815;
			remoteInfo = MissingPet;
		};
/* End PBXContainerItemProxy section */

/* Begin PBXFileReference section */
		2784DA8184CA10E8AD9CCCAD /* Pods-MissingPet.release.xcconfig */ = {isa = PBXFileReference; includeInIndex = 1; lastKnownFileType = text.xcconfig; name = "Pods-MissingPet.release.xcconfig"; path = "Target Support Files/Pods-MissingPet/Pods-MissingPet.release.xcconfig"; sourceTree = "<group>"; };
		63777CC3059639FABDD46E8C /* Pods_MissingPet.framework */ = {isa = PBXFileReference; explicitFileType = wrapper.framework; includeInIndex = 0; path = Pods_MissingPet.framework; sourceTree = BUILT_PRODUCTS_DIR; };
		66B7AA15D05DAF05F9F3D85B /* Pods-MissingPet.debug.xcconfig */ = {isa = PBXFileReference; includeInIndex = 1; lastKnownFileType = text.xcconfig; name = "Pods-MissingPet.debug.xcconfig"; path = "Target Support Files/Pods-MissingPet/Pods-MissingPet.debug.xcconfig"; sourceTree = "<group>"; };
		9D2917D825F6386C00707FB6 /* JSON.swift */ = {isa = PBXFileReference; lastKnownFileType = sourcecode.swift; path = JSON.swift; sourceTree = "<group>"; };
		9D33D8B425D6EFD9008F40A8 /* ProfileInfoView.swift */ = {isa = PBXFileReference; lastKnownFileType = sourcecode.swift; path = ProfileInfoView.swift; sourceTree = "<group>"; };
		9D33D8B825D6EFE8008F40A8 /* ProfileInfoView.xib */ = {isa = PBXFileReference; lastKnownFileType = file.xib; path = ProfileInfoView.xib; sourceTree = "<group>"; };
		9D5D4DB325EE4C0A00F6F1A6 /* PlaceRepositoryType.swift */ = {isa = PBXFileReference; lastKnownFileType = sourcecode.swift; path = PlaceRepositoryType.swift; sourceTree = "<group>"; };
		9D5D4DB725EE4C6700F6F1A6 /* PlaceRepository.swift */ = {isa = PBXFileReference; lastKnownFileType = sourcecode.swift; path = PlaceRepository.swift; sourceTree = "<group>"; };
		9D5D4DBA25EE515800F6F1A6 /* PlaceItem.swift */ = {isa = PBXFileReference; lastKnownFileType = sourcecode.swift; path = PlaceItem.swift; sourceTree = "<group>"; };
		9D7337B925E500B9005BA301 /* AlertService.swift */ = {isa = PBXFileReference; lastKnownFileType = sourcecode.swift; path = AlertService.swift; sourceTree = "<group>"; };
		9D7E9E7F25F1E35B000A1861 /* UserInfoRespositoryType.swift */ = {isa = PBXFileReference; lastKnownFileType = sourcecode.swift; path = UserInfoRespositoryType.swift; sourceTree = "<group>"; };
		9D7E9E8225F1E3BC000A1861 /* UserInfoRepository.swift */ = {isa = PBXFileReference; lastKnownFileType = sourcecode.swift; path = UserInfoRepository.swift; sourceTree = "<group>"; };
		9D8CE6CB25F4D65C00E28DE8 /* Profile.storyboard */ = {isa = PBXFileReference; lastKnownFileType = file.storyboard; path = Profile.storyboard; sourceTree = "<group>"; };
		9DA2965625F7A08900C33C7D /* MissingPetTests.xctest */ = {isa = PBXFileReference; explicitFileType = wrapper.cfbundle; includeInIndex = 0; path = MissingPetTests.xctest; sourceTree = BUILT_PRODUCTS_DIR; };
		9DA2965825F7A08900C33C7D /* MissingPetTests.swift */ = {isa = PBXFileReference; lastKnownFileType = sourcecode.swift; path = MissingPetTests.swift; sourceTree = "<group>"; };
		9DA2965A25F7A08900C33C7D /* Info.plist */ = {isa = PBXFileReference; lastKnownFileType = text.plist.xml; path = Info.plist; sourceTree = "<group>"; };
		9DA2966625F7A0B000C33C7D /* MissingPetUITests.xctest */ = {isa = PBXFileReference; explicitFileType = wrapper.cfbundle; includeInIndex = 0; path = MissingPetUITests.xctest; sourceTree = BUILT_PRODUCTS_DIR; };
		9DA2966825F7A0B000C33C7D /* MissingPetUITests.swift */ = {isa = PBXFileReference; lastKnownFileType = sourcecode.swift; path = MissingPetUITests.swift; sourceTree = "<group>"; };
		9DA2966A25F7A0B000C33C7D /* Info.plist */ = {isa = PBXFileReference; lastKnownFileType = text.plist.xml; path = Info.plist; sourceTree = "<group>"; };
		9DB3130625E803010073ABF7 /* UITableView.swift */ = {isa = PBXFileReference; lastKnownFileType = sourcecode.swift; path = UITableView.swift; sourceTree = "<group>"; };
		9DC2D10C25E461360041BE1B /* ConnectionService.swift */ = {isa = PBXFileReference; lastKnownFileType = sourcecode.swift; path = ConnectionService.swift; sourceTree = "<group>"; };
		9DD7F19825D96EB50024169F /* AnnouncementListResult.swift */ = {isa = PBXFileReference; lastKnownFileType = sourcecode.swift; path = AnnouncementListResult.swift; sourceTree = "<group>"; };
		C80155092599EFD800601D76 /* PhotoView.swift */ = {isa = PBXFileReference; lastKnownFileType = sourcecode.swift; path = PhotoView.swift; sourceTree = "<group>"; };
		C801550C2599EFE800601D76 /* PhotoView.xib */ = {isa = PBXFileReference; lastKnownFileType = file.xib; path = PhotoView.xib; sourceTree = "<group>"; };
		C8015510259A070500601D76 /* PhoneNumberTextFieldWithLabel.xib */ = {isa = PBXFileReference; lastKnownFileType = file.xib; path = PhoneNumberTextFieldWithLabel.xib; sourceTree = "<group>"; };
		C8015513259A071E00601D76 /* PhoneNumberTextFieldWithLabel.swift */ = {isa = PBXFileReference; lastKnownFileType = sourcecode.swift; path = PhoneNumberTextFieldWithLabel.swift; sourceTree = "<group>"; };
		C801551A259A1FEC00601D76 /* CommentTextViewWithLabel.swift */ = {isa = PBXFileReference; lastKnownFileType = sourcecode.swift; path = CommentTextViewWithLabel.swift; sourceTree = "<group>"; };
		C801551D259A201D00601D76 /* CommentTextViewWithLabel.xib */ = {isa = PBXFileReference; lastKnownFileType = file.xib; path = CommentTextViewWithLabel.xib; sourceTree = "<group>"; };
		C80D84182599507300342234 /* ViewWithLabelAndImageView.xib */ = {isa = PBXFileReference; lastKnownFileType = file.xib; path = ViewWithLabelAndImageView.xib; sourceTree = "<group>"; };
		C80D841B2599508700342234 /* ViewWithLabelAndImageView.swift */ = {isa = PBXFileReference; lastKnownFileType = sourcecode.swift; path = ViewWithLabelAndImageView.swift; sourceTree = "<group>"; };
		C811477425684A5D00620D1E /* ProfileNavigationController.swift */ = {isa = PBXFileReference; lastKnownFileType = sourcecode.swift; path = ProfileNavigationController.swift; sourceTree = "<group>"; };
		C811477925684AF800620D1E /* ProfilePresenter.swift */ = {isa = PBXFileReference; lastKnownFileType = sourcecode.swift; path = ProfilePresenter.swift; sourceTree = "<group>"; };
		C814C357258D4F2B000EF0B9 /* UserDefaultsAccessor.swift */ = {isa = PBXFileReference; lastKnownFileType = sourcecode.swift; path = UserDefaultsAccessor.swift; sourceTree = "<group>"; };
		C814C35B258D4F7E000EF0B9 /* PlaceSearchViewController.swift */ = {isa = PBXFileReference; lastKnownFileType = sourcecode.swift; path = PlaceSearchViewController.swift; sourceTree = "<group>"; };
		C814C360258D4FAA000EF0B9 /* PlaceSearch.storyboard */ = {isa = PBXFileReference; lastKnownFileType = file.storyboard; path = PlaceSearch.storyboard; sourceTree = "<group>"; };
		C814C364258D4FBE000EF0B9 /* PlaceSearchPresenter.swift */ = {isa = PBXFileReference; lastKnownFileType = sourcecode.swift; path = PlaceSearchPresenter.swift; sourceTree = "<group>"; };
		C816F94325748AF900C0E71E /* ImagePreviewPresenter.swift */ = {isa = PBXFileReference; lastKnownFileType = sourcecode.swift; path = ImagePreviewPresenter.swift; sourceTree = "<group>"; };
		C816F94725748B2400C0E71E /* ImagePreviewViewController.swift */ = {isa = PBXFileReference; lastKnownFileType = sourcecode.swift; path = ImagePreviewViewController.swift; sourceTree = "<group>"; };
		C81E11122598049300AE24AD /* TextFieldWithImageView.xib */ = {isa = PBXFileReference; lastKnownFileType = file.xib; path = TextFieldWithImageView.xib; sourceTree = "<group>"; };
		C81E11152598072C00AE24AD /* TextFieldWithImageView.swift */ = {isa = PBXFileReference; lastKnownFileType = sourcecode.swift; path = TextFieldWithImageView.swift; sourceTree = "<group>"; };
		C82B02E525228A0900C5DBC1 /* ShadowView.swift */ = {isa = PBXFileReference; lastKnownFileType = sourcecode.swift; path = ShadowView.swift; sourceTree = "<group>"; };
		C834D5422522560E0070E3F6 /* UISetter.swift */ = {isa = PBXFileReference; lastKnownFileType = sourcecode.swift; path = UISetter.swift; sourceTree = "<group>"; };
		C850261B255338770068D687 /* AnnouncementRepositoryType.swift */ = {isa = PBXFileReference; lastKnownFileType = sourcecode.swift; path = AnnouncementRepositoryType.swift; sourceTree = "<group>"; };
		C850261F255338D00068D687 /* AnnouncementItem.swift */ = {isa = PBXFileReference; lastKnownFileType = sourcecode.swift; path = AnnouncementItem.swift; sourceTree = "<group>"; };
		C85DEC98258834CE005E8A21 /* AuthorizationRepository.swift */ = {isa = PBXFileReference; lastKnownFileType = sourcecode.swift; path = AuthorizationRepository.swift; sourceTree = "<group>"; };
		C860969A2572EA4800E90F61 /* SignUp.storyboard */ = {isa = PBXFileReference; lastKnownFileType = file.storyboard; path = SignUp.storyboard; sourceTree = "<group>"; };
		C860969D2572EA6500E90F61 /* SignUpViewController.swift */ = {isa = PBXFileReference; lastKnownFileType = sourcecode.swift; path = SignUpViewController.swift; sourceTree = "<group>"; };
		C86096A02572EA7400E90F61 /* SignUpPresenter.swift */ = {isa = PBXFileReference; lastKnownFileType = sourcecode.swift; path = SignUpPresenter.swift; sourceTree = "<group>"; };
		C86096A32572EBBD00E90F61 /* SignUpNavigationController.swift */ = {isa = PBXFileReference; lastKnownFileType = sourcecode.swift; path = SignUpNavigationController.swift; sourceTree = "<group>"; };
		C8695B5A256828B1001A3D04 /* ProfileViewController.swift */ = {isa = PBXFileReference; lastKnownFileType = sourcecode.swift; path = ProfileViewController.swift; sourceTree = "<group>"; };
		C87DDD7C25975F6900F87B9F /* Constants.swift */ = {isa = PBXFileReference; lastKnownFileType = sourcecode.swift; path = Constants.swift; sourceTree = "<group>"; };
		C87DDD7F2597614C00F87B9F /* AppSettings.swift */ = {isa = PBXFileReference; lastKnownFileType = sourcecode.swift; path = AppSettings.swift; sourceTree = "<group>"; };
		C87FCB3C25252BF800BDDE17 /* Assets.xcassets */ = {isa = PBXFileReference; lastKnownFileType = folder.assetcatalog; path = Assets.xcassets; sourceTree = "<group>"; };
		C88F368B259656360034F8C7 /* AnnouncementType.swift */ = {isa = PBXFileReference; lastKnownFileType = sourcecode.swift; path = AnnouncementType.swift; sourceTree = "<group>"; };
		C88F368F2596564E0034F8C7 /* AnimalType.swift */ = {isa = PBXFileReference; lastKnownFileType = sourcecode.swift; path = AnimalType.swift; sourceTree = "<group>"; };
		C88F369525966B7E0034F8C7 /* AnnouncmenetsMapItem.swift */ = {isa = PBXFileReference; lastKnownFileType = sourcecode.swift; path = AnnouncmenetsMapItem.swift; sourceTree = "<group>"; };
		C89455272576C26D004A85EB /* AnnouncementPointAnnotation.swift */ = {isa = PBXFileReference; lastKnownFileType = sourcecode.swift; path = AnnouncementPointAnnotation.swift; sourceTree = "<group>"; };
		C898AD1225507DCC00DEBFF1 /* InspectAnnouncement.storyboard */ = {isa = PBXFileReference; lastKnownFileType = file.storyboard; path = InspectAnnouncement.storyboard; sourceTree = "<group>"; };
		C898AD1525507DE700DEBFF1 /* InspectAnnouncementPresenter.swift */ = {isa = PBXFileReference; lastKnownFileType = sourcecode.swift; path = InspectAnnouncementPresenter.swift; sourceTree = "<group>"; };
		C898AD1825507E1600DEBFF1 /* InspectAnnouncementViewController.swift */ = {isa = PBXFileReference; lastKnownFileType = sourcecode.swift; path = InspectAnnouncementViewController.swift; sourceTree = "<group>"; };
		C898AD422550CD1500DEBFF1 /* NavigationController.swift */ = {isa = PBXFileReference; lastKnownFileType = sourcecode.swift; path = NavigationController.swift; sourceTree = "<group>"; };
		C898AD462550CF5D00DEBFF1 /* Fonts.swift */ = {isa = PBXFileReference; lastKnownFileType = sourcecode.swift; path = Fonts.swift; sourceTree = "<group>"; };
		C89F486325985E6B001F0137 /* UIView.swift */ = {isa = PBXFileReference; lastKnownFileType = sourcecode.swift; path = UIView.swift; sourceTree = "<group>"; };
		C89F99FD254477E60022C7C4 /* Colors.swift */ = {isa = PBXFileReference; lastKnownFileType = sourcecode.swift; path = Colors.swift; sourceTree = "<group>"; };
		C8A58119257447DA00671029 /* AnnouncementRepository.swift */ = {isa = PBXFileReference; lastKnownFileType = sourcecode.swift; path = AnnouncementRepository.swift; sourceTree = "<group>"; };
		C8A5811C25744AD800671029 /* AuthorizationRepositoryType.swift */ = {isa = PBXFileReference; lastKnownFileType = sourcecode.swift; path = AuthorizationRepositoryType.swift; sourceTree = "<group>"; };
		C8A581382574713600671029 /* ImageScrollView.swift */ = {isa = PBXFileReference; lastKnownFileType = sourcecode.swift; path = ImageScrollView.swift; sourceTree = "<group>"; };
		C8AE325C258D56AE002EAF6F /* AddressTableViewCell.swift */ = {isa = PBXFileReference; lastKnownFileType = sourcecode.swift; path = AddressTableViewCell.swift; sourceTree = "<group>"; };
		C8AE325D258D56AE002EAF6F /* AddressTableViewCell.xib */ = {isa = PBXFileReference; lastKnownFileType = file.xib; path = AddressTableViewCell.xib; sourceTree = "<group>"; };
		C8AFE655254ADBEA00675026 /* MainTabBar.swift */ = {isa = PBXFileReference; lastKnownFileType = sourcecode.swift; path = MainTabBar.swift; sourceTree = "<group>"; };
		C8BAF79E254A13F7002C3855 /* AnnouncementTableViewCell.swift */ = {isa = PBXFileReference; lastKnownFileType = sourcecode.swift; path = AnnouncementTableViewCell.swift; sourceTree = "<group>"; };
		C8BAF79F254A13F7002C3855 /* AnnouncementTableViewCell.xib */ = {isa = PBXFileReference; lastKnownFileType = file.xib; path = AnnouncementTableViewCell.xib; sourceTree = "<group>"; };
		C8BAF7BA254A165B002C3855 /* SFUIText-HeavyItalic.ttf */ = {isa = PBXFileReference; lastKnownFileType = file; path = "SFUIText-HeavyItalic.ttf"; sourceTree = "<group>"; };
		C8BAF7BB254A165B002C3855 /* SFUIText-Medium.ttf */ = {isa = PBXFileReference; lastKnownFileType = file; path = "SFUIText-Medium.ttf"; sourceTree = "<group>"; };
		C8BAF7BC254A165B002C3855 /* SFUIDisplay-Black.ttf */ = {isa = PBXFileReference; lastKnownFileType = file; path = "SFUIDisplay-Black.ttf"; sourceTree = "<group>"; };
		C8BAF7BD254A165B002C3855 /* SFUIText-LightItalic.ttf */ = {isa = PBXFileReference; lastKnownFileType = file; path = "SFUIText-LightItalic.ttf"; sourceTree = "<group>"; };
		C8BAF7BE254A165C002C3855 /* SFUIDisplay-Regular.ttf */ = {isa = PBXFileReference; lastKnownFileType = file; path = "SFUIDisplay-Regular.ttf"; sourceTree = "<group>"; };
		C8BAF7BF254A165C002C3855 /* SFUIText-MediumItalic.ttf */ = {isa = PBXFileReference; lastKnownFileType = file; path = "SFUIText-MediumItalic.ttf"; sourceTree = "<group>"; };
		C8BAF7C0254A165C002C3855 /* SFUIDisplay-Light.ttf */ = {isa = PBXFileReference; lastKnownFileType = file; path = "SFUIDisplay-Light.ttf"; sourceTree = "<group>"; };
		C8BAF7C1254A165C002C3855 /* SFUIText-Bold.ttf */ = {isa = PBXFileReference; lastKnownFileType = file; path = "SFUIText-Bold.ttf"; sourceTree = "<group>"; };
		C8BAF7C2254A165C002C3855 /* SFUIDisplay-Bold.ttf */ = {isa = PBXFileReference; lastKnownFileType = file; path = "SFUIDisplay-Bold.ttf"; sourceTree = "<group>"; };
		C8BAF7C3254A165C002C3855 /* SFUIDisplay-Thin.ttf */ = {isa = PBXFileReference; lastKnownFileType = file; path = "SFUIDisplay-Thin.ttf"; sourceTree = "<group>"; };
		C8BAF7C4254A165D002C3855 /* SFUIText-Light.ttf */ = {isa = PBXFileReference; lastKnownFileType = file; path = "SFUIText-Light.ttf"; sourceTree = "<group>"; };
		C8BAF7C5254A165D002C3855 /* SFUIText-Semibold.ttf */ = {isa = PBXFileReference; lastKnownFileType = file; path = "SFUIText-Semibold.ttf"; sourceTree = "<group>"; };
		C8BAF7C6254A165D002C3855 /* SFUIText-SemiboldItalic.ttf */ = {isa = PBXFileReference; lastKnownFileType = file; path = "SFUIText-SemiboldItalic.ttf"; sourceTree = "<group>"; };
		C8BAF7C7254A165D002C3855 /* SFUIDisplay-Heavy.ttf */ = {isa = PBXFileReference; lastKnownFileType = file; path = "SFUIDisplay-Heavy.ttf"; sourceTree = "<group>"; };
		C8BAF7C8254A165D002C3855 /* SFUIDisplay-Ultralight.ttf */ = {isa = PBXFileReference; lastKnownFileType = file; path = "SFUIDisplay-Ultralight.ttf"; sourceTree = "<group>"; };
		C8BAF7C9254A165D002C3855 /* SFUIText-BoldItalic.ttf */ = {isa = PBXFileReference; lastKnownFileType = file; path = "SFUIText-BoldItalic.ttf"; sourceTree = "<group>"; };
		C8BAF7CA254A165E002C3855 /* SFUIText-RegularItalic.ttf */ = {isa = PBXFileReference; lastKnownFileType = file; path = "SFUIText-RegularItalic.ttf"; sourceTree = "<group>"; };
		C8BAF7CB254A165E002C3855 /* SFUIText-Regular.ttf */ = {isa = PBXFileReference; lastKnownFileType = file; path = "SFUIText-Regular.ttf"; sourceTree = "<group>"; };
		C8BAF7CC254A165E002C3855 /* SFUIDisplay-Medium.ttf */ = {isa = PBXFileReference; lastKnownFileType = file; path = "SFUIDisplay-Medium.ttf"; sourceTree = "<group>"; };
		C8BAF7CD254A165E002C3855 /* SFUIDisplay-Semibold.ttf */ = {isa = PBXFileReference; lastKnownFileType = file; path = "SFUIDisplay-Semibold.ttf"; sourceTree = "<group>"; };
		C8BAF7CE254A165F002C3855 /* SFUIText-Heavy.ttf */ = {isa = PBXFileReference; lastKnownFileType = file; path = "SFUIText-Heavy.ttf"; sourceTree = "<group>"; };
		C8BAF7E9254A1C7B002C3855 /* MyAnnouncementsViewController.swift */ = {isa = PBXFileReference; lastKnownFileType = sourcecode.swift; path = MyAnnouncementsViewController.swift; sourceTree = "<group>"; };
		C8BAF7EC254A1CA0002C3855 /* MyAnnouncementsNavigationController.swift */ = {isa = PBXFileReference; lastKnownFileType = sourcecode.swift; path = MyAnnouncementsNavigationController.swift; sourceTree = "<group>"; };
		C8BAF7EF254A1CB1002C3855 /* MyAnnouncementsPresenter.swift */ = {isa = PBXFileReference; lastKnownFileType = sourcecode.swift; path = MyAnnouncementsPresenter.swift; sourceTree = "<group>"; };
		C8BAF7F2254A1E3A002C3855 /* MyAnnouncements.storyboard */ = {isa = PBXFileReference; lastKnownFileType = file.storyboard; path = MyAnnouncements.storyboard; sourceTree = "<group>"; };
		C8BAF7F6254A24E1002C3855 /* AnnouncementImageView.swift */ = {isa = PBXFileReference; lastKnownFileType = sourcecode.swift; path = AnnouncementImageView.swift; sourceTree = "<group>"; };
		C8BAF7FD254A283F002C3855 /* MapPresenter.swift */ = {isa = PBXFileReference; lastKnownFileType = sourcecode.swift; path = MapPresenter.swift; sourceTree = "<group>"; };
		C8BAF800254A2873002C3855 /* MapNavigationController.swift */ = {isa = PBXFileReference; lastKnownFileType = sourcecode.swift; path = MapNavigationController.swift; sourceTree = "<group>"; };
		C8BAF803254A288E002C3855 /* MapViewController.swift */ = {isa = PBXFileReference; lastKnownFileType = sourcecode.swift; path = MapViewController.swift; sourceTree = "<group>"; };
		C8BAF808254A28F8002C3855 /* CreateAnnouncementPresenter.swift */ = {isa = PBXFileReference; lastKnownFileType = sourcecode.swift; path = CreateAnnouncementPresenter.swift; sourceTree = "<group>"; };
		C8BAF80C254A290B002C3855 /* Map.storyboard */ = {isa = PBXFileReference; lastKnownFileType = file.storyboard; path = Map.storyboard; sourceTree = "<group>"; };
		C8BAF810254A298E002C3855 /* CreateAnnouncementViewController.swift */ = {isa = PBXFileReference; lastKnownFileType = sourcecode.swift; path = CreateAnnouncementViewController.swift; sourceTree = "<group>"; };
		C8BAF814254A29FE002C3855 /* CreateAnnouncementNavigationController.swift */ = {isa = PBXFileReference; lastKnownFileType = sourcecode.swift; path = CreateAnnouncementNavigationController.swift; sourceTree = "<group>"; };
		C8BCC98C2524C6A900FB3164 /* Feed.storyboard */ = {isa = PBXFileReference; lastKnownFileType = file.storyboard; path = Feed.storyboard; sourceTree = "<group>"; };
		C8C96329254A3EE7002850C7 /* CreateAnnouncement.storyboard */ = {isa = PBXFileReference; lastKnownFileType = file.storyboard; path = CreateAnnouncement.storyboard; sourceTree = "<group>"; };
		C8CA02B62520BDAC00C22815 /* MissingPet.app */ = {isa = PBXFileReference; explicitFileType = wrapper.application; includeInIndex = 0; path = MissingPet.app; sourceTree = BUILT_PRODUCTS_DIR; };
		C8CA02B92520BDAD00C22815 /* AppDelegate.swift */ = {isa = PBXFileReference; lastKnownFileType = sourcecode.swift; path = AppDelegate.swift; sourceTree = "<group>"; };
		C8CA02C52520BDB000C22815 /* Base */ = {isa = PBXFileReference; lastKnownFileType = file.storyboard; name = Base; path = Base.lproj/LaunchScreen.storyboard; sourceTree = "<group>"; };
		C8CA02C72520BDB000C22815 /* Info.plist */ = {isa = PBXFileReference; lastKnownFileType = text.plist.xml; path = Info.plist; sourceTree = "<group>"; };
		C8CB001A258A367500DF4734 /* Date.swift */ = {isa = PBXFileReference; lastKnownFileType = sourcecode.swift; path = Date.swift; sourceTree = "<group>"; };
		C8E3432A25A87CE5000C95B4 /* UITableViewCell.swift */ = {isa = PBXFileReference; lastKnownFileType = sourcecode.swift; path = UITableViewCell.swift; sourceTree = "<group>"; };
		C8F441BE2520D2E800A6570D /* ViewType.swift */ = {isa = PBXFileReference; lastKnownFileType = sourcecode.swift; path = ViewType.swift; sourceTree = "<group>"; };
		C8F441C22520D30500A6570D /* PresenterType.swift */ = {isa = PBXFileReference; lastKnownFileType = sourcecode.swift; path = PresenterType.swift; sourceTree = "<group>"; };
		C8F441C52520D3D900A6570D /* StoryboardInstanceType.swift */ = {isa = PBXFileReference; lastKnownFileType = sourcecode.swift; path = StoryboardInstanceType.swift; sourceTree = "<group>"; };
		C8F441C82520D90D00A6570D /* UIWindow.swift */ = {isa = PBXFileReference; lastKnownFileType = sourcecode.swift; path = UIWindow.swift; sourceTree = "<group>"; };
		C8F441CB2520D94E00A6570D /* Navigator.swift */ = {isa = PBXFileReference; lastKnownFileType = sourcecode.swift; path = Navigator.swift; sourceTree = "<group>"; };
		C8F441CE2520D96C00A6570D /* Controller.swift */ = {isa = PBXFileReference; lastKnownFileType = sourcecode.swift; path = Controller.swift; sourceTree = "<group>"; };
		C8F441D62520DD8E00A6570D /* Storyboard.swift */ = {isa = PBXFileReference; lastKnownFileType = sourcecode.swift; path = Storyboard.swift; sourceTree = "<group>"; };
		C8F441E12520DEB100A6570D /* FeedPresenter.swift */ = {isa = PBXFileReference; lastKnownFileType = sourcecode.swift; path = FeedPresenter.swift; sourceTree = "<group>"; };
		C8F441E52520DEEA00A6570D /* FeedViewController.swift */ = {isa = PBXFileReference; lastKnownFileType = sourcecode.swift; path = FeedViewController.swift; sourceTree = "<group>"; };
		C8F441E82520DF5600A6570D /* FeedNavigationController.swift */ = {isa = PBXFileReference; lastKnownFileType = sourcecode.swift; path = FeedNavigationController.swift; sourceTree = "<group>"; };
		C8F76C51253C828200ED71C4 /* Router.swift */ = {isa = PBXFileReference; lastKnownFileType = sourcecode.swift; path = Router.swift; sourceTree = "<group>"; };
		C8FDF0AE252479B000A2C962 /* MainTabBarController.swift */ = {isa = PBXFileReference; lastKnownFileType = sourcecode.swift; path = MainTabBarController.swift; sourceTree = "<group>"; };
		C8FDF0B2252479C800A2C962 /* Main.storyboard */ = {isa = PBXFileReference; lastKnownFileType = file.storyboard; path = Main.storyboard; sourceTree = "<group>"; };
/* End PBXFileReference section */

/* Begin PBXFrameworksBuildPhase section */
		9DA2965325F7A08900C33C7D /* Frameworks */ = {
			isa = PBXFrameworksBuildPhase;
			buildActionMask = 2147483647;
			files = (
			);
			runOnlyForDeploymentPostprocessing = 0;
		};
		9DA2966325F7A0B000C33C7D /* Frameworks */ = {
			isa = PBXFrameworksBuildPhase;
			buildActionMask = 2147483647;
			files = (
			);
			runOnlyForDeploymentPostprocessing = 0;
		};
		C8CA02B32520BDAC00C22815 /* Frameworks */ = {
			isa = PBXFrameworksBuildPhase;
			buildActionMask = 2147483647;
			files = (
				0869D152CAA23394AB4F4D5A /* Pods_MissingPet.framework in Frameworks */,
			);
			runOnlyForDeploymentPostprocessing = 0;
		};
/* End PBXFrameworksBuildPhase section */

/* Begin PBXGroup section */
		78CEC00D0D149F083C9882E4 /* Pods */ = {
			isa = PBXGroup;
			children = (
				66B7AA15D05DAF05F9F3D85B /* Pods-MissingPet.debug.xcconfig */,
				2784DA8184CA10E8AD9CCCAD /* Pods-MissingPet.release.xcconfig */,
			);
			path = Pods;
			sourceTree = "<group>";
		};
		9D33D8B325D6EFB6008F40A8 /* Views */ = {
			isa = PBXGroup;
			children = (
				9D33D8B425D6EFD9008F40A8 /* ProfileInfoView.swift */,
				9D33D8B825D6EFE8008F40A8 /* ProfileInfoView.xib */,
			);
			path = Views;
			sourceTree = "<group>";
		};
		9D427D9125D5BE45008F718A /* DataAccessLayer */ = {
			isa = PBXGroup;
			children = (
				C874218725759AB100118E9A /* Support */,
				C809D7B3254F456500254EFE /* Repositories */,
				C8F76C56253CA0C400ED71C4 /* Web */,
			);
			path = DataAccessLayer;
			sourceTree = "<group>";
		};
		9DA2965725F7A08900C33C7D /* MissingPetTests */ = {
			isa = PBXGroup;
			children = (
				9DA2965825F7A08900C33C7D /* MissingPetTests.swift */,
				9DA2965A25F7A08900C33C7D /* Info.plist */,
			);
			path = MissingPetTests;
			sourceTree = "<group>";
		};
		9DA2966725F7A0B000C33C7D /* MissingPetUITests */ = {
			isa = PBXGroup;
			children = (
				9DA2966825F7A0B000C33C7D /* MissingPetUITests.swift */,
				9DA2966A25F7A0B000C33C7D /* Info.plist */,
			);
			path = MissingPetUITests;
			sourceTree = "<group>";
		};
		9DC2D10B25E461170041BE1B /* Services */ = {
			isa = PBXGroup;
			children = (
				9DC2D10C25E461360041BE1B /* ConnectionService.swift */,
				9D7337B925E500B9005BA301 /* AlertService.swift */,
			);
			path = Services;
			sourceTree = "<group>";
		};
		9DD7F19C25D96EEF0024169F /* Web */ = {
			isa = PBXGroup;
			children = (
				9DD7F19825D96EB50024169F /* AnnouncementListResult.swift */,
			);
			path = Web;
			sourceTree = "<group>";
		};
		C801550F259A06ED00601D76 /* PhoneNumberTextFieldWithLabel */ = {
			isa = PBXGroup;
			children = (
				C8015510259A070500601D76 /* PhoneNumberTextFieldWithLabel.xib */,
				C8015513259A071E00601D76 /* PhoneNumberTextFieldWithLabel.swift */,
			);
			path = PhoneNumberTextFieldWithLabel;
			sourceTree = "<group>";
		};
		C8015519259A14C100601D76 /* CommentTextViewWithLabel */ = {
			isa = PBXGroup;
			children = (
				C801551A259A1FEC00601D76 /* CommentTextViewWithLabel.swift */,
				C801551D259A201D00601D76 /* CommentTextViewWithLabel.xib */,
			);
			path = CommentTextViewWithLabel;
			sourceTree = "<group>";
		};
		C809D7B3254F456500254EFE /* Repositories */ = {
			isa = PBXGroup;
			children = (
				C809D7B4254F457600254EFE /* Abstract */,
				C8A58119257447DA00671029 /* AnnouncementRepository.swift */,
				C85DEC98258834CE005E8A21 /* AuthorizationRepository.swift */,
				9D5D4DB725EE4C6700F6F1A6 /* PlaceRepository.swift */,
				9D7E9E8225F1E3BC000A1861 /* UserInfoRepository.swift */,
			);
			path = Repositories;
			sourceTree = "<group>";
		};
		C809D7B4254F457600254EFE /* Abstract */ = {
			isa = PBXGroup;
			children = (
				C850261B255338770068D687 /* AnnouncementRepositoryType.swift */,
				C8A5811C25744AD800671029 /* AuthorizationRepositoryType.swift */,
				9D5D4DB325EE4C0A00F6F1A6 /* PlaceRepositoryType.swift */,
				9D7E9E7F25F1E35B000A1861 /* UserInfoRespositoryType.swift */,
			);
			path = Abstract;
			sourceTree = "<group>";
		};
		C80D841325994A4400342234 /* Views */ = {
			isa = PBXGroup;
			children = (
				C8015519259A14C100601D76 /* CommentTextViewWithLabel */,
				C801550F259A06ED00601D76 /* PhoneNumberTextFieldWithLabel */,
				C80D841F2599603000342234 /* PhotoView */,
				C80D84172599504D00342234 /* ViewWithLabelAndImageView */,
			);
			path = Views;
			sourceTree = "<group>";
		};
		C80D84172599504D00342234 /* ViewWithLabelAndImageView */ = {
			isa = PBXGroup;
			children = (
				C80D84182599507300342234 /* ViewWithLabelAndImageView.xib */,
				C80D841B2599508700342234 /* ViewWithLabelAndImageView.swift */,
			);
			path = ViewWithLabelAndImageView;
			sourceTree = "<group>";
		};
		C80D841F2599603000342234 /* PhotoView */ = {
			isa = PBXGroup;
			children = (
				C80155092599EFD800601D76 /* PhotoView.swift */,
				C801550C2599EFE800601D76 /* PhotoView.xib */,
			);
			path = PhotoView;
			sourceTree = "<group>";
		};
		C811477825684AE800620D1E /* Presenters */ = {
			isa = PBXGroup;
			children = (
				C811477925684AF800620D1E /* ProfilePresenter.swift */,
			);
			path = Presenters;
			sourceTree = "<group>";
		};
		C814C35A258D4F4D000EF0B9 /* PlaceSearch */ = {
			isa = PBXGroup;
			children = (
				C814C367258D4FF0000EF0B9 /* Cells */,
				C814C35F258D4F99000EF0B9 /* Presenters */,
				C814C35E258D4F89000EF0B9 /* Controllers */,
				C814C360258D4FAA000EF0B9 /* PlaceSearch.storyboard */,
			);
			path = PlaceSearch;
			sourceTree = "<group>";
		};
		C814C35E258D4F89000EF0B9 /* Controllers */ = {
			isa = PBXGroup;
			children = (
				C814C35B258D4F7E000EF0B9 /* PlaceSearchViewController.swift */,
			);
			path = Controllers;
			sourceTree = "<group>";
		};
		C814C35F258D4F99000EF0B9 /* Presenters */ = {
			isa = PBXGroup;
			children = (
				C814C364258D4FBE000EF0B9 /* PlaceSearchPresenter.swift */,
			);
			path = Presenters;
			sourceTree = "<group>";
		};
		C814C367258D4FF0000EF0B9 /* Cells */ = {
			isa = PBXGroup;
			children = (
				C8AE325C258D56AE002EAF6F /* AddressTableViewCell.swift */,
				C8AE325D258D56AE002EAF6F /* AddressTableViewCell.xib */,
			);
			path = Cells;
			sourceTree = "<group>";
		};
		C81E111A25980D7F00AE24AD /* TextFieldWithImageView */ = {
			isa = PBXGroup;
			children = (
				C81E11122598049300AE24AD /* TextFieldWithImageView.xib */,
				C81E11152598072C00AE24AD /* TextFieldWithImageView.swift */,
			);
			path = TextFieldWithImageView;
			sourceTree = "<group>";
		};
		C834D541252255EC0070E3F6 /* ReusableUI */ = {
			isa = PBXGroup;
			children = (
				C834D5422522560E0070E3F6 /* UISetter.swift */,
				C89455272576C26D004A85EB /* AnnouncementPointAnnotation.swift */,
				C8BAF7F5254A24B8002C3855 /* Views */,
				C8BAF79D254A13D2002C3855 /* Cells */,
			);
			path = ReusableUI;
			sourceTree = "<group>";
		};
		C850261E255338B70068D687 /* Models */ = {
			isa = PBXGroup;
			children = (
				9DD7F19C25D96EEF0024169F /* Web */,
				C850261F255338D00068D687 /* AnnouncementItem.swift */,
				C88F368B259656360034F8C7 /* AnnouncementType.swift */,
				C88F368F2596564E0034F8C7 /* AnimalType.swift */,
				C88F369525966B7E0034F8C7 /* AnnouncmenetsMapItem.swift */,
				9D5D4DBA25EE515800F6F1A6 /* PlaceItem.swift */,
			);
			path = Models;
			sourceTree = "<group>";
		};
		C86096972572EA1F00E90F61 /* SignUp */ = {
			isa = PBXGroup;
			children = (
				C86096992572EA3400E90F61 /* Presenters */,
				C86096982572EA2A00E90F61 /* Controllers */,
				C860969A2572EA4800E90F61 /* SignUp.storyboard */,
			);
			path = SignUp;
			sourceTree = "<group>";
		};
		C86096982572EA2A00E90F61 /* Controllers */ = {
			isa = PBXGroup;
			children = (
				C860969D2572EA6500E90F61 /* SignUpViewController.swift */,
				C86096A32572EBBD00E90F61 /* SignUpNavigationController.swift */,
			);
			path = Controllers;
			sourceTree = "<group>";
		};
		C86096992572EA3400E90F61 /* Presenters */ = {
			isa = PBXGroup;
			children = (
				C86096A02572EA7400E90F61 /* SignUpPresenter.swift */,
			);
			path = Presenters;
			sourceTree = "<group>";
		};
		C86096A62572FDDB00E90F61 /* Extensions */ = {
			isa = PBXGroup;
			children = (
				C8CB001A258A367500DF4734 /* Date.swift */,
				C89F486325985E6B001F0137 /* UIView.swift */,
				C8E3432A25A87CE5000C95B4 /* UITableViewCell.swift */,
				9DB3130625E803010073ABF7 /* UITableView.swift */,
				9D2917D825F6386C00707FB6 /* JSON.swift */,
			);
			path = Extensions;
			sourceTree = "<group>";
		};
		C8695B5825682814001A3D04 /* Profile */ = {
			isa = PBXGroup;
			children = (
				9D33D8B325D6EFB6008F40A8 /* Views */,
				C811477825684AE800620D1E /* Presenters */,
				C8695B592568281D001A3D04 /* Controllers */,
				9D8CE6CB25F4D65C00E28DE8 /* Profile.storyboard */,
			);
			path = Profile;
			sourceTree = "<group>";
		};
		C8695B592568281D001A3D04 /* Controllers */ = {
			isa = PBXGroup;
			children = (
				C8695B5A256828B1001A3D04 /* ProfileViewController.swift */,
				C811477425684A5D00620D1E /* ProfileNavigationController.swift */,
			);
			path = Controllers;
			sourceTree = "<group>";
		};
		C874218725759AB100118E9A /* Support */ = {
			isa = PBXGroup;
			children = (
				C814C357258D4F2B000EF0B9 /* UserDefaultsAccessor.swift */,
			);
			path = Support;
			sourceTree = "<group>";
		};
		C898AD0F25507DA000DEBFF1 /* InspectAnnouncement */ = {
			isa = PBXGroup;
			children = (
				C898AD1025507DB200DEBFF1 /* Controllers */,
				C898AD1125507DB800DEBFF1 /* Presenters */,
				C898AD1225507DCC00DEBFF1 /* InspectAnnouncement.storyboard */,
			);
			path = InspectAnnouncement;
			sourceTree = "<group>";
		};
		C898AD1025507DB200DEBFF1 /* Controllers */ = {
			isa = PBXGroup;
			children = (
				C898AD1825507E1600DEBFF1 /* InspectAnnouncementViewController.swift */,
				C816F94725748B2400C0E71E /* ImagePreviewViewController.swift */,
			);
			path = Controllers;
			sourceTree = "<group>";
		};
		C898AD1125507DB800DEBFF1 /* Presenters */ = {
			isa = PBXGroup;
			children = (
				C898AD1525507DE700DEBFF1 /* InspectAnnouncementPresenter.swift */,
				C816F94325748AF900C0E71E /* ImagePreviewPresenter.swift */,
			);
			path = Presenters;
			sourceTree = "<group>";
		};
		C89F9A00254478A60022C7C4 /* Resources */ = {
			isa = PBXGroup;
			children = (
				C8CA02C42520BDB000C22815 /* LaunchScreen.storyboard */,
				C8CA02C72520BDB000C22815 /* Info.plist */,
				C8CA02B92520BDAD00C22815 /* AppDelegate.swift */,
				C89F9A01254478CB0022C7C4 /* Fonts */,
				C89F99FD254477E60022C7C4 /* Colors.swift */,
				C898AD462550CF5D00DEBFF1 /* Fonts.swift */,
				C87DDD7C25975F6900F87B9F /* Constants.swift */,
				C87DDD7F2597614C00F87B9F /* AppSettings.swift */,
				C87FCB3C25252BF800BDDE17 /* Assets.xcassets */,
			);
			path = Resources;
			sourceTree = "<group>";
		};
		C89F9A01254478CB0022C7C4 /* Fonts */ = {
			isa = PBXGroup;
			children = (
				C8BAF7B9254A1579002C3855 /* SF UI Display */,
			);
			path = Fonts;
			sourceTree = "<group>";
		};
		C8BAF79D254A13D2002C3855 /* Cells */ = {
			isa = PBXGroup;
			children = (
				C8BAF79E254A13F7002C3855 /* AnnouncementTableViewCell.swift */,
				C8BAF79F254A13F7002C3855 /* AnnouncementTableViewCell.xib */,
			);
			path = Cells;
			sourceTree = "<group>";
		};
		C8BAF7B9254A1579002C3855 /* SF UI Display */ = {
			isa = PBXGroup;
			children = (
				C8BAF7BC254A165B002C3855 /* SFUIDisplay-Black.ttf */,
				C8BAF7C2254A165C002C3855 /* SFUIDisplay-Bold.ttf */,
				C8BAF7C7254A165D002C3855 /* SFUIDisplay-Heavy.ttf */,
				C8BAF7C0254A165C002C3855 /* SFUIDisplay-Light.ttf */,
				C8BAF7CC254A165E002C3855 /* SFUIDisplay-Medium.ttf */,
				C8BAF7BE254A165C002C3855 /* SFUIDisplay-Regular.ttf */,
				C8BAF7CD254A165E002C3855 /* SFUIDisplay-Semibold.ttf */,
				C8BAF7C3254A165C002C3855 /* SFUIDisplay-Thin.ttf */,
				C8BAF7C8254A165D002C3855 /* SFUIDisplay-Ultralight.ttf */,
				C8BAF7C1254A165C002C3855 /* SFUIText-Bold.ttf */,
				C8BAF7C9254A165D002C3855 /* SFUIText-BoldItalic.ttf */,
				C8BAF7CE254A165F002C3855 /* SFUIText-Heavy.ttf */,
				C8BAF7BA254A165B002C3855 /* SFUIText-HeavyItalic.ttf */,
				C8BAF7C4254A165D002C3855 /* SFUIText-Light.ttf */,
				C8BAF7BD254A165B002C3855 /* SFUIText-LightItalic.ttf */,
				C8BAF7BB254A165B002C3855 /* SFUIText-Medium.ttf */,
				C8BAF7BF254A165C002C3855 /* SFUIText-MediumItalic.ttf */,
				C8BAF7CB254A165E002C3855 /* SFUIText-Regular.ttf */,
				C8BAF7CA254A165E002C3855 /* SFUIText-RegularItalic.ttf */,
				C8BAF7C5254A165D002C3855 /* SFUIText-Semibold.ttf */,
				C8BAF7C6254A165D002C3855 /* SFUIText-SemiboldItalic.ttf */,
			);
			path = "SF UI Display";
			sourceTree = "<group>";
		};
		C8BAF7E5254A1BA2002C3855 /* MyAnnouncements */ = {
			isa = PBXGroup;
			children = (
				C8BAF7F2254A1E3A002C3855 /* MyAnnouncements.storyboard */,
				C8BAF7E8254A1C60002C3855 /* Presenters */,
				C8BAF7E7254A1C59002C3855 /* Controllers */,
			);
			path = MyAnnouncements;
			sourceTree = "<group>";
		};
		C8BAF7E7254A1C59002C3855 /* Controllers */ = {
			isa = PBXGroup;
			children = (
				C8BAF7E9254A1C7B002C3855 /* MyAnnouncementsViewController.swift */,
				C8BAF7EC254A1CA0002C3855 /* MyAnnouncementsNavigationController.swift */,
			);
			path = Controllers;
			sourceTree = "<group>";
		};
		C8BAF7E8254A1C60002C3855 /* Presenters */ = {
			isa = PBXGroup;
			children = (
				C8BAF7EF254A1CB1002C3855 /* MyAnnouncementsPresenter.swift */,
			);
			path = Presenters;
			sourceTree = "<group>";
		};
		C8BAF7F5254A24B8002C3855 /* Views */ = {
			isa = PBXGroup;
			children = (
				C81E111A25980D7F00AE24AD /* TextFieldWithImageView */,
				C82B02E525228A0900C5DBC1 /* ShadowView.swift */,
				C8BAF7F6254A24E1002C3855 /* AnnouncementImageView.swift */,
				C8AFE655254ADBEA00675026 /* MainTabBar.swift */,
				C898AD422550CD1500DEBFF1 /* NavigationController.swift */,
				C8A581382574713600671029 /* ImageScrollView.swift */,
			);
			path = Views;
			sourceTree = "<group>";
		};
		C8BAF7FA254A281A002C3855 /* Map */ = {
			isa = PBXGroup;
			children = (
				C8BAF7FC254A282F002C3855 /* Presenters */,
				C8BAF7FB254A2823002C3855 /* Controllers */,
				C8BAF80C254A290B002C3855 /* Map.storyboard */,
			);
			path = Map;
			sourceTree = "<group>";
		};
		C8BAF7FB254A2823002C3855 /* Controllers */ = {
			isa = PBXGroup;
			children = (
				C8BAF800254A2873002C3855 /* MapNavigationController.swift */,
				C8BAF803254A288E002C3855 /* MapViewController.swift */,
			);
			path = Controllers;
			sourceTree = "<group>";
		};
		C8BAF7FC254A282F002C3855 /* Presenters */ = {
			isa = PBXGroup;
			children = (
				C8BAF7FD254A283F002C3855 /* MapPresenter.swift */,
			);
			path = Presenters;
			sourceTree = "<group>";
		};
		C8BAF806254A28BA002C3855 /* CreateAnnouncement */ = {
			isa = PBXGroup;
			children = (
				C80D841325994A4400342234 /* Views */,
				C8BAF80F254A2975002C3855 /* Controllers */,
				C8BAF807254A28DE002C3855 /* Presenters */,
				C8C96329254A3EE7002850C7 /* CreateAnnouncement.storyboard */,
			);
			path = CreateAnnouncement;
			sourceTree = "<group>";
		};
		C8BAF807254A28DE002C3855 /* Presenters */ = {
			isa = PBXGroup;
			children = (
				C8BAF808254A28F8002C3855 /* CreateAnnouncementPresenter.swift */,
			);
			path = Presenters;
			sourceTree = "<group>";
		};
		C8BAF80F254A2975002C3855 /* Controllers */ = {
			isa = PBXGroup;
			children = (
				C8BAF810254A298E002C3855 /* CreateAnnouncementViewController.swift */,
				C8BAF814254A29FE002C3855 /* CreateAnnouncementNavigationController.swift */,
			);
			path = Controllers;
			sourceTree = "<group>";
		};
		C8CA02AD2520BDAC00C22815 = {
			isa = PBXGroup;
			children = (
				C8CA02B82520BDAC00C22815 /* MissingPet */,
				9DA2965725F7A08900C33C7D /* MissingPetTests */,
				9DA2966725F7A0B000C33C7D /* MissingPetUITests */,
				C8CA02B72520BDAC00C22815 /* Products */,
				78CEC00D0D149F083C9882E4 /* Pods */,
				DAFFA6FBB146DAA839EB619F /* Frameworks */,
			);
			sourceTree = "<group>";
		};
		C8CA02B72520BDAC00C22815 /* Products */ = {
			isa = PBXGroup;
			children = (
				C8CA02B62520BDAC00C22815 /* MissingPet.app */,
				9DA2965625F7A08900C33C7D /* MissingPetTests.xctest */,
				9DA2966625F7A0B000C33C7D /* MissingPetUITests.xctest */,
			);
			name = Products;
			sourceTree = "<group>";
		};
		C8CA02B82520BDAC00C22815 /* MissingPet */ = {
			isa = PBXGroup;
			children = (
				9DC2D10B25E461170041BE1B /* Services */,
				9D427D9125D5BE45008F718A /* DataAccessLayer */,
				C86096A62572FDDB00E90F61 /* Extensions */,
				C850261E255338B70068D687 /* Models */,
				C89F9A00254478A60022C7C4 /* Resources */,
				C8F441BC2520D2B500A6570D /* ArchitecturePattern */,
				C8F441D32520DD5400A6570D /* Presentation */,
			);
			path = MissingPet;
			sourceTree = "<group>";
		};
		C8E3432825A87850000C95B4 /* MainUI */ = {
			isa = PBXGroup;
			children = (
				C8F441D62520DD8E00A6570D /* Storyboard.swift */,
				C814C35A258D4F4D000EF0B9 /* PlaceSearch */,
				C86096972572EA1F00E90F61 /* SignUp */,
				C8695B5825682814001A3D04 /* Profile */,
				C8BAF7E5254A1BA2002C3855 /* MyAnnouncements */,
				C898AD0F25507DA000DEBFF1 /* InspectAnnouncement */,
				C8BAF806254A28BA002C3855 /* CreateAnnouncement */,
				C8BAF7FA254A281A002C3855 /* Map */,
				C8FDF0AC2524795C00A2C962 /* Main */,
				C8F441DA2520DE0E00A6570D /* Feed */,
			);
			path = MainUI;
			sourceTree = "<group>";
		};
		C8F441BC2520D2B500A6570D /* ArchitecturePattern */ = {
			isa = PBXGroup;
			children = (
				C8F441BD2520D2C200A6570D /* Abstract */,
				C8F441CB2520D94E00A6570D /* Navigator.swift */,
				C8F441C82520D90D00A6570D /* UIWindow.swift */,
				C8F441CE2520D96C00A6570D /* Controller.swift */,
			);
			path = ArchitecturePattern;
			sourceTree = "<group>";
		};
		C8F441BD2520D2C200A6570D /* Abstract */ = {
			isa = PBXGroup;
			children = (
				C8F441BE2520D2E800A6570D /* ViewType.swift */,
				C8F441C22520D30500A6570D /* PresenterType.swift */,
				C8F441C52520D3D900A6570D /* StoryboardInstanceType.swift */,
			);
			path = Abstract;
			sourceTree = "<group>";
		};
		C8F441D32520DD5400A6570D /* Presentation */ = {
			isa = PBXGroup;
			children = (
				C8E3432825A87850000C95B4 /* MainUI */,
				C834D541252255EC0070E3F6 /* ReusableUI */,
			);
			path = Presentation;
			sourceTree = "<group>";
		};
		C8F441DA2520DE0E00A6570D /* Feed */ = {
			isa = PBXGroup;
			children = (
				C8BCC98C2524C6A900FB3164 /* Feed.storyboard */,
				C8F441E02520DE7100A6570D /* Presenters */,
				C8F441DF2520DE5900A6570D /* Controllers */,
			);
			path = Feed;
			sourceTree = "<group>";
		};
		C8F441DF2520DE5900A6570D /* Controllers */ = {
			isa = PBXGroup;
			children = (
				C8F441E52520DEEA00A6570D /* FeedViewController.swift */,
				C8F441E82520DF5600A6570D /* FeedNavigationController.swift */,
			);
			path = Controllers;
			sourceTree = "<group>";
		};
		C8F441E02520DE7100A6570D /* Presenters */ = {
			isa = PBXGroup;
			children = (
				C8F441E12520DEB100A6570D /* FeedPresenter.swift */,
			);
			path = Presenters;
			sourceTree = "<group>";
		};
		C8F76C56253CA0C400ED71C4 /* Web */ = {
			isa = PBXGroup;
			children = (
				C8F76C51253C828200ED71C4 /* Router.swift */,
			);
			path = Web;
			sourceTree = "<group>";
		};
		C8FDF0AC2524795C00A2C962 /* Main */ = {
			isa = PBXGroup;
			children = (
				C8FDF0B2252479C800A2C962 /* Main.storyboard */,
				C8FDF0AD2524798E00A2C962 /* Controllers */,
			);
			path = Main;
			sourceTree = "<group>";
		};
		C8FDF0AD2524798E00A2C962 /* Controllers */ = {
			isa = PBXGroup;
			children = (
				C8FDF0AE252479B000A2C962 /* MainTabBarController.swift */,
			);
			path = Controllers;
			sourceTree = "<group>";
		};
		DAFFA6FBB146DAA839EB619F /* Frameworks */ = {
			isa = PBXGroup;
			children = (
				63777CC3059639FABDD46E8C /* Pods_MissingPet.framework */,
			);
			name = Frameworks;
			sourceTree = "<group>";
		};
/* End PBXGroup section */

/* Begin PBXNativeTarget section */
		9DA2965525F7A08900C33C7D /* MissingPetTests */ = {
			isa = PBXNativeTarget;
			buildConfigurationList = 9DA2965F25F7A08900C33C7D /* Build configuration list for PBXNativeTarget "MissingPetTests" */;
			buildPhases = (
				9DA2965225F7A08900C33C7D /* Sources */,
				9DA2965325F7A08900C33C7D /* Frameworks */,
				9DA2965425F7A08900C33C7D /* Resources */,
			);
			buildRules = (
			);
			dependencies = (
				9DA2965C25F7A08900C33C7D /* PBXTargetDependency */,
			);
			name = MissingPetTests;
			productName = MissingPetTests;
			productReference = 9DA2965625F7A08900C33C7D /* MissingPetTests.xctest */;
			productType = "com.apple.product-type.bundle.unit-test";
		};
		9DA2966525F7A0B000C33C7D /* MissingPetUITests */ = {
			isa = PBXNativeTarget;
			buildConfigurationList = 9DA2966D25F7A0B000C33C7D /* Build configuration list for PBXNativeTarget "MissingPetUITests" */;
			buildPhases = (
				9DA2966225F7A0B000C33C7D /* Sources */,
				9DA2966325F7A0B000C33C7D /* Frameworks */,
				9DA2966425F7A0B000C33C7D /* Resources */,
			);
			buildRules = (
			);
			dependencies = (
				9DA2966C25F7A0B000C33C7D /* PBXTargetDependency */,
			);
			name = MissingPetUITests;
			productName = MissingPetUITests;
			productReference = 9DA2966625F7A0B000C33C7D /* MissingPetUITests.xctest */;
			productType = "com.apple.product-type.bundle.ui-testing";
		};
		C8CA02B52520BDAC00C22815 /* MissingPet */ = {
			isa = PBXNativeTarget;
			buildConfigurationList = C8CA02CA2520BDB000C22815 /* Build configuration list for PBXNativeTarget "MissingPet" */;
			buildPhases = (
				8C8DFE161E976DB31F8F560E /* [CP] Check Pods Manifest.lock */,
				C8CA02B22520BDAC00C22815 /* Sources */,
				C8CA02B32520BDAC00C22815 /* Frameworks */,
				C8CA02B42520BDAC00C22815 /* Resources */,
				7B8B3AF8C2517272EB21C730 /* [CP] Embed Pods Frameworks */,
			);
			buildRules = (
			);
			dependencies = (
			);
			name = MissingPet;
			productName = MissingPet;
			productReference = C8CA02B62520BDAC00C22815 /* MissingPet.app */;
			productType = "com.apple.product-type.application";
		};
/* End PBXNativeTarget section */

/* Begin PBXProject section */
		C8CA02AE2520BDAC00C22815 /* Project object */ = {
			isa = PBXProject;
			attributes = {
				LastSwiftUpdateCheck = 1240;
				LastUpgradeCheck = 1200;
				TargetAttributes = {
					9DA2965525F7A08900C33C7D = {
						CreatedOnToolsVersion = 12.4;
						TestTargetID = C8CA02B52520BDAC00C22815;
					};
					9DA2966525F7A0B000C33C7D = {
						CreatedOnToolsVersion = 12.4;
						TestTargetID = C8CA02B52520BDAC00C22815;
					};
					C8CA02B52520BDAC00C22815 = {
						CreatedOnToolsVersion = 12.0;
					};
				};
			};
			buildConfigurationList = C8CA02B12520BDAC00C22815 /* Build configuration list for PBXProject "MissingPet" */;
			compatibilityVersion = "Xcode 11.0";
			developmentRegion = en;
			hasScannedForEncodings = 0;
			knownRegions = (
				en,
				Base,
			);
			mainGroup = C8CA02AD2520BDAC00C22815;
			productRefGroup = C8CA02B72520BDAC00C22815 /* Products */;
			projectDirPath = "";
			projectRoot = "";
			targets = (
				C8CA02B52520BDAC00C22815 /* MissingPet */,
				9DA2965525F7A08900C33C7D /* MissingPetTests */,
				9DA2966525F7A0B000C33C7D /* MissingPetUITests */,
			);
		};
/* End PBXProject section */

/* Begin PBXResourcesBuildPhase section */
		9DA2965425F7A08900C33C7D /* Resources */ = {
			isa = PBXResourcesBuildPhase;
			buildActionMask = 2147483647;
			files = (
			);
			runOnlyForDeploymentPostprocessing = 0;
		};
		9DA2966425F7A0B000C33C7D /* Resources */ = {
			isa = PBXResourcesBuildPhase;
			buildActionMask = 2147483647;
			files = (
			);
			runOnlyForDeploymentPostprocessing = 0;
		};
		C8CA02B42520BDAC00C22815 /* Resources */ = {
			isa = PBXResourcesBuildPhase;
			buildActionMask = 2147483647;
			files = (
				C814C361258D4FAA000EF0B9 /* PlaceSearch.storyboard in Resources */,
				C8FDF0B3252479C800A2C962 /* Main.storyboard in Resources */,
				9D8CE6CC25F4D65C00E28DE8 /* Profile.storyboard in Resources */,
				C8BAF7F3254A1E3A002C3855 /* MyAnnouncements.storyboard in Resources */,
				C8BAF7DA254A165F002C3855 /* SFUIText-Semibold.ttf in Resources */,
				C801551E259A201D00601D76 /* CommentTextViewWithLabel.xib in Resources */,
				C8BAF7D0254A165F002C3855 /* SFUIText-Medium.ttf in Resources */,
				C8BAF7E0254A165F002C3855 /* SFUIText-Regular.ttf in Resources */,
				C80D84192599507300342234 /* ViewWithLabelAndImageView.xib in Resources */,
				C8BAF7D5254A165F002C3855 /* SFUIDisplay-Light.ttf in Resources */,
				C8BAF7E3254A165F002C3855 /* SFUIText-Heavy.ttf in Resources */,
				C8BAF7DD254A165F002C3855 /* SFUIDisplay-Ultralight.ttf in Resources */,
				C8BAF7DC254A165F002C3855 /* SFUIDisplay-Heavy.ttf in Resources */,
				C8BAF80D254A290B002C3855 /* Map.storyboard in Resources */,
				C8BCC98D2524C6A900FB3164 /* Feed.storyboard in Resources */,
				C8BAF7D9254A165F002C3855 /* SFUIText-Light.ttf in Resources */,
				C8BAF7DB254A165F002C3855 /* SFUIText-SemiboldItalic.ttf in Resources */,
				C8CA02C62520BDB000C22815 /* LaunchScreen.storyboard in Resources */,
				9D33D8B925D6EFE8008F40A8 /* ProfileInfoView.xib in Resources */,
				C860969B2572EA4800E90F61 /* SignUp.storyboard in Resources */,
				C8BAF7D7254A165F002C3855 /* SFUIDisplay-Bold.ttf in Resources */,
				C8BAF7D1254A165F002C3855 /* SFUIDisplay-Black.ttf in Resources */,
				C8BAF7DF254A165F002C3855 /* SFUIText-RegularItalic.ttf in Resources */,
				C87FCB3D25252BF800BDDE17 /* Assets.xcassets in Resources */,
				C8BAF7D6254A165F002C3855 /* SFUIText-Bold.ttf in Resources */,
				C8BAF7A1254A13F7002C3855 /* AnnouncementTableViewCell.xib in Resources */,
				C8015511259A070500601D76 /* PhoneNumberTextFieldWithLabel.xib in Resources */,
				C8BAF7DE254A165F002C3855 /* SFUIText-BoldItalic.ttf in Resources */,
				C898AD1325507DCC00DEBFF1 /* InspectAnnouncement.storyboard in Resources */,
				C8BAF7D3254A165F002C3855 /* SFUIDisplay-Regular.ttf in Resources */,
				C8AE325F258D56AE002EAF6F /* AddressTableViewCell.xib in Resources */,
				C81E11132598049300AE24AD /* TextFieldWithImageView.xib in Resources */,
				C8BAF7D2254A165F002C3855 /* SFUIText-LightItalic.ttf in Resources */,
				C8C9632A254A3EE7002850C7 /* CreateAnnouncement.storyboard in Resources */,
				C8BAF7D4254A165F002C3855 /* SFUIText-MediumItalic.ttf in Resources */,
				C8BAF7E2254A165F002C3855 /* SFUIDisplay-Semibold.ttf in Resources */,
				C801550D2599EFE800601D76 /* PhotoView.xib in Resources */,
				C8BAF7D8254A165F002C3855 /* SFUIDisplay-Thin.ttf in Resources */,
				C8BAF7E1254A165F002C3855 /* SFUIDisplay-Medium.ttf in Resources */,
				C8BAF7CF254A165F002C3855 /* SFUIText-HeavyItalic.ttf in Resources */,
			);
			runOnlyForDeploymentPostprocessing = 0;
		};
/* End PBXResourcesBuildPhase section */

/* Begin PBXShellScriptBuildPhase section */
		7B8B3AF8C2517272EB21C730 /* [CP] Embed Pods Frameworks */ = {
			isa = PBXShellScriptBuildPhase;
			buildActionMask = 2147483647;
			files = (
			);
			inputFileListPaths = (
				"${PODS_ROOT}/Target Support Files/Pods-MissingPet/Pods-MissingPet-frameworks-${CONFIGURATION}-input-files.xcfilelist",
			);
			name = "[CP] Embed Pods Frameworks";
			outputFileListPaths = (
				"${PODS_ROOT}/Target Support Files/Pods-MissingPet/Pods-MissingPet-frameworks-${CONFIGURATION}-output-files.xcfilelist",
			);
			runOnlyForDeploymentPostprocessing = 0;
			shellPath = /bin/sh;
			shellScript = "\"${PODS_ROOT}/Target Support Files/Pods-MissingPet/Pods-MissingPet-frameworks.sh\"\n";
			showEnvVarsInLog = 0;
		};
		8C8DFE161E976DB31F8F560E /* [CP] Check Pods Manifest.lock */ = {
			isa = PBXShellScriptBuildPhase;
			buildActionMask = 2147483647;
			files = (
			);
			inputFileListPaths = (
			);
			inputPaths = (
				"${PODS_PODFILE_DIR_PATH}/Podfile.lock",
				"${PODS_ROOT}/Manifest.lock",
			);
			name = "[CP] Check Pods Manifest.lock";
			outputFileListPaths = (
			);
			outputPaths = (
				"$(DERIVED_FILE_DIR)/Pods-MissingPet-checkManifestLockResult.txt",
			);
			runOnlyForDeploymentPostprocessing = 0;
			shellPath = /bin/sh;
			shellScript = "diff \"${PODS_PODFILE_DIR_PATH}/Podfile.lock\" \"${PODS_ROOT}/Manifest.lock\" > /dev/null\nif [ $? != 0 ] ; then\n    # print error to STDERR\n    echo \"error: The sandbox is not in sync with the Podfile.lock. Run 'pod install' or update your CocoaPods installation.\" >&2\n    exit 1\nfi\n# This output is used by Xcode 'outputs' to avoid re-running this script phase.\necho \"SUCCESS\" > \"${SCRIPT_OUTPUT_FILE_0}\"\n";
			showEnvVarsInLog = 0;
		};
/* End PBXShellScriptBuildPhase section */

/* Begin PBXSourcesBuildPhase section */
		9DA2965225F7A08900C33C7D /* Sources */ = {
			isa = PBXSourcesBuildPhase;
			buildActionMask = 2147483647;
			files = (
				9DA2965925F7A08900C33C7D /* MissingPetTests.swift in Sources */,
			);
			runOnlyForDeploymentPostprocessing = 0;
		};
		9DA2966225F7A0B000C33C7D /* Sources */ = {
			isa = PBXSourcesBuildPhase;
			buildActionMask = 2147483647;
			files = (
				9DA2966925F7A0B000C33C7D /* MissingPetUITests.swift in Sources */,
			);
			runOnlyForDeploymentPostprocessing = 0;
		};
		C8CA02B22520BDAC00C22815 /* Sources */ = {
			isa = PBXSourcesBuildPhase;
			buildActionMask = 2147483647;
			files = (
				C811477525684A5D00620D1E /* ProfileNavigationController.swift in Sources */,
				C8695B5B256828B1001A3D04 /* ProfileViewController.swift in Sources */,
				C8F76C52253C828200ED71C4 /* Router.swift in Sources */,
				C8F441CC2520D94E00A6570D /* Navigator.swift in Sources */,
				C8BAF7ED254A1CA0002C3855 /* MyAnnouncementsNavigationController.swift in Sources */,
				9D7E9E8325F1E3BC000A1861 /* UserInfoRepository.swift in Sources */,
				9DB3130725E803010073ABF7 /* UITableView.swift in Sources */,
				C8F441C32520D30500A6570D /* PresenterType.swift in Sources */,
				C8015514259A071E00601D76 /* PhoneNumberTextFieldWithLabel.swift in Sources */,
				9D7E9E8025F1E35B000A1861 /* UserInfoRespositoryType.swift in Sources */,
				C834D5432522560E0070E3F6 /* UISetter.swift in Sources */,
				C8BAF7FE254A283F002C3855 /* MapPresenter.swift in Sources */,
				C8A5811D25744AD800671029 /* AuthorizationRepositoryType.swift in Sources */,
				C898AD1625507DE800DEBFF1 /* InspectAnnouncementPresenter.swift in Sources */,
				C88F369625966B7E0034F8C7 /* AnnouncmenetsMapItem.swift in Sources */,
				C814C365258D4FBE000EF0B9 /* PlaceSearchPresenter.swift in Sources */,
				C8A581392574713600671029 /* ImageScrollView.swift in Sources */,
				C8AFE656254ADBEA00675026 /* MainTabBar.swift in Sources */,
				C81E11162598072C00AE24AD /* TextFieldWithImageView.swift in Sources */,
				C86096A42572EBBD00E90F61 /* SignUpNavigationController.swift in Sources */,
				C898AD1925507E1600DEBFF1 /* InspectAnnouncementViewController.swift in Sources */,
				C8BAF7F7254A24E1002C3855 /* AnnouncementImageView.swift in Sources */,
				C8BAF7F0254A1CB1002C3855 /* MyAnnouncementsPresenter.swift in Sources */,
				C8F441BF2520D2E800A6570D /* ViewType.swift in Sources */,
				9DC2D10D25E461360041BE1B /* ConnectionService.swift in Sources */,
				C801551B259A1FEC00601D76 /* CommentTextViewWithLabel.swift in Sources */,
				9D2917D925F6386C00707FB6 /* JSON.swift in Sources */,
				C86096A12572EA7400E90F61 /* SignUpPresenter.swift in Sources */,
				C85DEC99258834CE005E8A21 /* AuthorizationRepository.swift in Sources */,
				C8A5811A257447DA00671029 /* AnnouncementRepository.swift in Sources */,
				C8F441E92520DF5600A6570D /* FeedNavigationController.swift in Sources */,
				C801550A2599EFD800601D76 /* PhotoView.swift in Sources */,
				C8BAF7A0254A13F7002C3855 /* AnnouncementTableViewCell.swift in Sources */,
				C8F441E22520DEB100A6570D /* FeedPresenter.swift in Sources */,
				C87DDD802597614C00F87B9F /* AppSettings.swift in Sources */,
				C88F36902596564E0034F8C7 /* AnimalType.swift in Sources */,
				9D5D4DB825EE4C6700F6F1A6 /* PlaceRepository.swift in Sources */,
				C8F441C62520D3D900A6570D /* StoryboardInstanceType.swift in Sources */,
				C88F368C259656360034F8C7 /* AnnouncementType.swift in Sources */,
				C860969E2572EA6500E90F61 /* SignUpViewController.swift in Sources */,
				C816F94425748AF900C0E71E /* ImagePreviewPresenter.swift in Sources */,
				C8BAF811254A298E002C3855 /* CreateAnnouncementViewController.swift in Sources */,
				C8F441D72520DD8E00A6570D /* Storyboard.swift in Sources */,
				C8BAF7EA254A1C7B002C3855 /* MyAnnouncementsViewController.swift in Sources */,
				C898AD432550CD1500DEBFF1 /* NavigationController.swift in Sources */,
				C8BAF809254A28F8002C3855 /* CreateAnnouncementPresenter.swift in Sources */,
				C8F441C92520D90D00A6570D /* UIWindow.swift in Sources */,
				C8CA02BA2520BDAD00C22815 /* AppDelegate.swift in Sources */,
				C850261C255338770068D687 /* AnnouncementRepositoryType.swift in Sources */,
				C82B02E625228A0900C5DBC1 /* ShadowView.swift in Sources */,
				C89F486425985E6B001F0137 /* UIView.swift in Sources */,
				C814C35C258D4F7E000EF0B9 /* PlaceSearchViewController.swift in Sources */,
				C811477A25684AF800620D1E /* ProfilePresenter.swift in Sources */,
				C89F99FE254477E60022C7C4 /* Colors.swift in Sources */,
				C8BAF804254A288E002C3855 /* MapViewController.swift in Sources */,
				C8BAF801254A2873002C3855 /* MapNavigationController.swift in Sources */,
				9D33D8B525D6EFD9008F40A8 /* ProfileInfoView.swift in Sources */,
				C8502620255338D00068D687 /* AnnouncementItem.swift in Sources */,
				C814C358258D4F2B000EF0B9 /* UserDefaultsAccessor.swift in Sources */,
				C8E3432B25A87CE5000C95B4 /* UITableViewCell.swift in Sources */,
				9D7337BA25E500B9005BA301 /* AlertService.swift in Sources */,
				9DD7F19925D96EB50024169F /* AnnouncementListResult.swift in Sources */,
				C87DDD7D25975F6900F87B9F /* Constants.swift in Sources */,
				9D5D4DB425EE4C0A00F6F1A6 /* PlaceRepositoryType.swift in Sources */,
				C89455282576C26D004A85EB /* AnnouncementPointAnnotation.swift in Sources */,
				9D5D4DBB25EE515800F6F1A6 /* PlaceItem.swift in Sources */,
				C816F94825748B2400C0E71E /* ImagePreviewViewController.swift in Sources */,
				C8BAF815254A29FE002C3855 /* CreateAnnouncementNavigationController.swift in Sources */,
				C8CB001B258A367500DF4734 /* Date.swift in Sources */,
				C8F441CF2520D96C00A6570D /* Controller.swift in Sources */,
				C8F441E62520DEEA00A6570D /* FeedViewController.swift in Sources */,
				C898AD472550CF5D00DEBFF1 /* Fonts.swift in Sources */,
				C8AE325E258D56AE002EAF6F /* AddressTableViewCell.swift in Sources */,
				C80D841C2599508700342234 /* ViewWithLabelAndImageView.swift in Sources */,
				C8FDF0AF252479B000A2C962 /* MainTabBarController.swift in Sources */,
			);
			runOnlyForDeploymentPostprocessing = 0;
		};
/* End PBXSourcesBuildPhase section */

/* Begin PBXTargetDependency section */
		9DA2965C25F7A08900C33C7D /* PBXTargetDependency */ = {
			isa = PBXTargetDependency;
			target = C8CA02B52520BDAC00C22815 /* MissingPet */;
			targetProxy = 9DA2965B25F7A08900C33C7D /* PBXContainerItemProxy */;
		};
		9DA2966C25F7A0B000C33C7D /* PBXTargetDependency */ = {
			isa = PBXTargetDependency;
			target = C8CA02B52520BDAC00C22815 /* MissingPet */;
			targetProxy = 9DA2966B25F7A0B000C33C7D /* PBXContainerItemProxy */;
		};
/* End PBXTargetDependency section */

/* Begin PBXVariantGroup section */
		C8CA02C42520BDB000C22815 /* LaunchScreen.storyboard */ = {
			isa = PBXVariantGroup;
			children = (
				C8CA02C52520BDB000C22815 /* Base */,
			);
			name = LaunchScreen.storyboard;
			sourceTree = "<group>";
		};
/* End PBXVariantGroup section */

/* Begin XCBuildConfiguration section */
		9DA2965D25F7A08900C33C7D /* Debug */ = {
			isa = XCBuildConfiguration;
			buildSettings = {
				BUNDLE_LOADER = "$(TEST_HOST)";
				CODE_SIGN_STYLE = Automatic;
				DEVELOPMENT_TEAM = 24X4EL2BCS;
				INFOPLIST_FILE = MissingPetTests/Info.plist;
				IPHONEOS_DEPLOYMENT_TARGET = 14.4;
				LD_RUNPATH_SEARCH_PATHS = (
					"$(inherited)",
					"@executable_path/Frameworks",
					"@loader_path/Frameworks",
				);
				PRODUCT_BUNDLE_IDENTIFIER = ru.meremeev.MissingPetTests;
				PRODUCT_NAME = "$(TARGET_NAME)";
				SWIFT_VERSION = 5.0;
				TARGETED_DEVICE_FAMILY = "1,2";
				TEST_HOST = "$(BUILT_PRODUCTS_DIR)/MissingPet.app/MissingPet";
			};
			name = Debug;
		};
		9DA2965E25F7A08900C33C7D /* Release */ = {
			isa = XCBuildConfiguration;
			buildSettings = {
				BUNDLE_LOADER = "$(TEST_HOST)";
				CODE_SIGN_STYLE = Automatic;
				DEVELOPMENT_TEAM = 24X4EL2BCS;
				INFOPLIST_FILE = MissingPetTests/Info.plist;
				IPHONEOS_DEPLOYMENT_TARGET = 14.4;
				LD_RUNPATH_SEARCH_PATHS = (
					"$(inherited)",
					"@executable_path/Frameworks",
					"@loader_path/Frameworks",
				);
				PRODUCT_BUNDLE_IDENTIFIER = ru.meremeev.MissingPetTests;
				PRODUCT_NAME = "$(TARGET_NAME)";
				SWIFT_VERSION = 5.0;
				TARGETED_DEVICE_FAMILY = "1,2";
				TEST_HOST = "$(BUILT_PRODUCTS_DIR)/MissingPet.app/MissingPet";
			};
			name = Release;
		};
		9DA2966E25F7A0B000C33C7D /* Debug */ = {
			isa = XCBuildConfiguration;
			buildSettings = {
				CODE_SIGN_STYLE = Automatic;
				DEVELOPMENT_TEAM = 24X4EL2BCS;
				INFOPLIST_FILE = MissingPetUITests/Info.plist;
				IPHONEOS_DEPLOYMENT_TARGET = 14.4;
				LD_RUNPATH_SEARCH_PATHS = (
					"$(inherited)",
					"@executable_path/Frameworks",
					"@loader_path/Frameworks",
				);
				PRODUCT_BUNDLE_IDENTIFIER = ru.meremeev.MissingPetUITests;
				PRODUCT_NAME = "$(TARGET_NAME)";
				SWIFT_VERSION = 5.0;
				TARGETED_DEVICE_FAMILY = "1,2";
				TEST_TARGET_NAME = MissingPet;
			};
			name = Debug;
		};
		9DA2966F25F7A0B000C33C7D /* Release */ = {
			isa = XCBuildConfiguration;
			buildSettings = {
				CODE_SIGN_STYLE = Automatic;
				DEVELOPMENT_TEAM = 24X4EL2BCS;
				INFOPLIST_FILE = MissingPetUITests/Info.plist;
				IPHONEOS_DEPLOYMENT_TARGET = 14.4;
				LD_RUNPATH_SEARCH_PATHS = (
					"$(inherited)",
					"@executable_path/Frameworks",
					"@loader_path/Frameworks",
				);
				PRODUCT_BUNDLE_IDENTIFIER = ru.meremeev.MissingPetUITests;
				PRODUCT_NAME = "$(TARGET_NAME)";
				SWIFT_VERSION = 5.0;
				TARGETED_DEVICE_FAMILY = "1,2";
				TEST_TARGET_NAME = MissingPet;
			};
			name = Release;
		};
		C8CA02C82520BDB000C22815 /* Debug */ = {
			isa = XCBuildConfiguration;
			buildSettings = {
				ALWAYS_SEARCH_USER_PATHS = NO;
				CLANG_ANALYZER_NONNULL = YES;
				CLANG_ANALYZER_NUMBER_OBJECT_CONVERSION = YES_AGGRESSIVE;
				CLANG_CXX_LANGUAGE_STANDARD = "gnu++14";
				CLANG_CXX_LIBRARY = "libc++";
				CLANG_ENABLE_MODULES = YES;
				CLANG_ENABLE_OBJC_ARC = YES;
				CLANG_ENABLE_OBJC_WEAK = YES;
				CLANG_WARN_BLOCK_CAPTURE_AUTORELEASING = YES;
				CLANG_WARN_BOOL_CONVERSION = YES;
				CLANG_WARN_COMMA = YES;
				CLANG_WARN_CONSTANT_CONVERSION = YES;
				CLANG_WARN_DEPRECATED_OBJC_IMPLEMENTATIONS = YES;
				CLANG_WARN_DIRECT_OBJC_ISA_USAGE = YES_ERROR;
				CLANG_WARN_DOCUMENTATION_COMMENTS = YES;
				CLANG_WARN_EMPTY_BODY = YES;
				CLANG_WARN_ENUM_CONVERSION = YES;
				CLANG_WARN_INFINITE_RECURSION = YES;
				CLANG_WARN_INT_CONVERSION = YES;
				CLANG_WARN_NON_LITERAL_NULL_CONVERSION = YES;
				CLANG_WARN_OBJC_IMPLICIT_RETAIN_SELF = YES;
				CLANG_WARN_OBJC_LITERAL_CONVERSION = YES;
				CLANG_WARN_OBJC_ROOT_CLASS = YES_ERROR;
				CLANG_WARN_QUOTED_INCLUDE_IN_FRAMEWORK_HEADER = YES;
				CLANG_WARN_RANGE_LOOP_ANALYSIS = YES;
				CLANG_WARN_STRICT_PROTOTYPES = YES;
				CLANG_WARN_SUSPICIOUS_MOVE = YES;
				CLANG_WARN_UNGUARDED_AVAILABILITY = YES_AGGRESSIVE;
				CLANG_WARN_UNREACHABLE_CODE = YES;
				CLANG_WARN__DUPLICATE_METHOD_MATCH = YES;
				COPY_PHASE_STRIP = NO;
				DEBUG_INFORMATION_FORMAT = dwarf;
				ENABLE_STRICT_OBJC_MSGSEND = YES;
				ENABLE_TESTABILITY = YES;
				GCC_C_LANGUAGE_STANDARD = gnu11;
				GCC_DYNAMIC_NO_PIC = NO;
				GCC_NO_COMMON_BLOCKS = YES;
				GCC_OPTIMIZATION_LEVEL = 0;
				GCC_PREPROCESSOR_DEFINITIONS = (
					"DEBUG=1",
					"$(inherited)",
				);
				GCC_WARN_64_TO_32_BIT_CONVERSION = YES;
				GCC_WARN_ABOUT_RETURN_TYPE = YES_ERROR;
				GCC_WARN_UNDECLARED_SELECTOR = YES;
				GCC_WARN_UNINITIALIZED_AUTOS = YES_AGGRESSIVE;
				GCC_WARN_UNUSED_FUNCTION = YES;
				GCC_WARN_UNUSED_VARIABLE = YES;
				IPHONEOS_DEPLOYMENT_TARGET = 11.0;
				MTL_ENABLE_DEBUG_INFO = INCLUDE_SOURCE;
				MTL_FAST_MATH = YES;
				ONLY_ACTIVE_ARCH = YES;
				SDKROOT = iphoneos;
				SWIFT_ACTIVE_COMPILATION_CONDITIONS = DEBUG;
				SWIFT_OPTIMIZATION_LEVEL = "-Onone";
			};
			name = Debug;
		};
		C8CA02C92520BDB000C22815 /* Release */ = {
			isa = XCBuildConfiguration;
			buildSettings = {
				ALWAYS_SEARCH_USER_PATHS = NO;
				CLANG_ANALYZER_NONNULL = YES;
				CLANG_ANALYZER_NUMBER_OBJECT_CONVERSION = YES_AGGRESSIVE;
				CLANG_CXX_LANGUAGE_STANDARD = "gnu++14";
				CLANG_CXX_LIBRARY = "libc++";
				CLANG_ENABLE_MODULES = YES;
				CLANG_ENABLE_OBJC_ARC = YES;
				CLANG_ENABLE_OBJC_WEAK = YES;
				CLANG_WARN_BLOCK_CAPTURE_AUTORELEASING = YES;
				CLANG_WARN_BOOL_CONVERSION = YES;
				CLANG_WARN_COMMA = YES;
				CLANG_WARN_CONSTANT_CONVERSION = YES;
				CLANG_WARN_DEPRECATED_OBJC_IMPLEMENTATIONS = YES;
				CLANG_WARN_DIRECT_OBJC_ISA_USAGE = YES_ERROR;
				CLANG_WARN_DOCUMENTATION_COMMENTS = YES;
				CLANG_WARN_EMPTY_BODY = YES;
				CLANG_WARN_ENUM_CONVERSION = YES;
				CLANG_WARN_INFINITE_RECURSION = YES;
				CLANG_WARN_INT_CONVERSION = YES;
				CLANG_WARN_NON_LITERAL_NULL_CONVERSION = YES;
				CLANG_WARN_OBJC_IMPLICIT_RETAIN_SELF = YES;
				CLANG_WARN_OBJC_LITERAL_CONVERSION = YES;
				CLANG_WARN_OBJC_ROOT_CLASS = YES_ERROR;
				CLANG_WARN_QUOTED_INCLUDE_IN_FRAMEWORK_HEADER = YES;
				CLANG_WARN_RANGE_LOOP_ANALYSIS = YES;
				CLANG_WARN_STRICT_PROTOTYPES = YES;
				CLANG_WARN_SUSPICIOUS_MOVE = YES;
				CLANG_WARN_UNGUARDED_AVAILABILITY = YES_AGGRESSIVE;
				CLANG_WARN_UNREACHABLE_CODE = YES;
				CLANG_WARN__DUPLICATE_METHOD_MATCH = YES;
				COPY_PHASE_STRIP = NO;
				DEBUG_INFORMATION_FORMAT = "dwarf-with-dsym";
				ENABLE_NS_ASSERTIONS = NO;
				ENABLE_STRICT_OBJC_MSGSEND = YES;
				GCC_C_LANGUAGE_STANDARD = gnu11;
				GCC_NO_COMMON_BLOCKS = YES;
				GCC_WARN_64_TO_32_BIT_CONVERSION = YES;
				GCC_WARN_ABOUT_RETURN_TYPE = YES_ERROR;
				GCC_WARN_UNDECLARED_SELECTOR = YES;
				GCC_WARN_UNINITIALIZED_AUTOS = YES_AGGRESSIVE;
				GCC_WARN_UNUSED_FUNCTION = YES;
				GCC_WARN_UNUSED_VARIABLE = YES;
				IPHONEOS_DEPLOYMENT_TARGET = 11.0;
				MTL_ENABLE_DEBUG_INFO = NO;
				MTL_FAST_MATH = YES;
				SDKROOT = iphoneos;
				SWIFT_COMPILATION_MODE = wholemodule;
				SWIFT_OPTIMIZATION_LEVEL = "-O";
				VALIDATE_PRODUCT = YES;
			};
			name = Release;
		};
		C8CA02CB2520BDB000C22815 /* Debug */ = {
			isa = XCBuildConfiguration;
			baseConfigurationReference = 66B7AA15D05DAF05F9F3D85B /* Pods-MissingPet.debug.xcconfig */;
			buildSettings = {
				ASSETCATALOG_COMPILER_APPICON_NAME = AppIcon;
				ASSETCATALOG_COMPILER_GLOBAL_ACCENT_COLOR_NAME = AccentColor;
				CODE_SIGN_IDENTITY = "Apple Development";
				CODE_SIGN_STYLE = Automatic;
				DEVELOPMENT_TEAM = 24X4EL2BCS;
				INFOPLIST_FILE = MissingPet/Resources/Info.plist;
				IPHONEOS_DEPLOYMENT_TARGET = 11.0;
				LD_RUNPATH_SEARCH_PATHS = (
					"$(inherited)",
					"@executable_path/Frameworks",
				);
				MARKETING_VERSION = 0.1;
				PRODUCT_BUNDLE_IDENTIFIER = ru.meremeev.MissingPet;
				PRODUCT_NAME = "$(TARGET_NAME)";
				PROVISIONING_PROFILE_SPECIFIER = "";
				SWIFT_VERSION = 5.0;
				TARGETED_DEVICE_FAMILY = "1,2";
			};
			name = Debug;
		};
		C8CA02CC2520BDB000C22815 /* Release */ = {
			isa = XCBuildConfiguration;
			baseConfigurationReference = 2784DA8184CA10E8AD9CCCAD /* Pods-MissingPet.release.xcconfig */;
			buildSettings = {
				ASSETCATALOG_COMPILER_APPICON_NAME = AppIcon;
				ASSETCATALOG_COMPILER_GLOBAL_ACCENT_COLOR_NAME = AccentColor;
				CODE_SIGN_IDENTITY = "Apple Development";
				CODE_SIGN_STYLE = Automatic;
				DEVELOPMENT_TEAM = 24X4EL2BCS;
				INFOPLIST_FILE = MissingPet/Resources/Info.plist;
				IPHONEOS_DEPLOYMENT_TARGET = 11.0;
				LD_RUNPATH_SEARCH_PATHS = (
					"$(inherited)",
					"@executable_path/Frameworks",
				);
				MARKETING_VERSION = 0.1;
				PRODUCT_BUNDLE_IDENTIFIER = ru.meremeev.MissingPet;
				PRODUCT_NAME = "$(TARGET_NAME)";
				PROVISIONING_PROFILE_SPECIFIER = "";
				SWIFT_VERSION = 5.0;
				TARGETED_DEVICE_FAMILY = "1,2";
			};
			name = Release;
		};
/* End XCBuildConfiguration section */

/* Begin XCConfigurationList section */
		9DA2965F25F7A08900C33C7D /* Build configuration list for PBXNativeTarget "MissingPetTests" */ = {
			isa = XCConfigurationList;
			buildConfigurations = (
				9DA2965D25F7A08900C33C7D /* Debug */,
				9DA2965E25F7A08900C33C7D /* Release */,
			);
			defaultConfigurationIsVisible = 0;
			defaultConfigurationName = Release;
		};
		9DA2966D25F7A0B000C33C7D /* Build configuration list for PBXNativeTarget "MissingPetUITests" */ = {
			isa = XCConfigurationList;
			buildConfigurations = (
				9DA2966E25F7A0B000C33C7D /* Debug */,
				9DA2966F25F7A0B000C33C7D /* Release */,
			);
			defaultConfigurationIsVisible = 0;
			defaultConfigurationName = Release;
		};
		C8CA02B12520BDAC00C22815 /* Build configuration list for PBXProject "MissingPet" */ = {
			isa = XCConfigurationList;
			buildConfigurations = (
				C8CA02C82520BDB000C22815 /* Debug */,
				C8CA02C92520BDB000C22815 /* Release */,
			);
			defaultConfigurationIsVisible = 0;
			defaultConfigurationName = Release;
		};
		C8CA02CA2520BDB000C22815 /* Build configuration list for PBXNativeTarget "MissingPet" */ = {
			isa = XCConfigurationList;
			buildConfigurations = (
				C8CA02CB2520BDB000C22815 /* Debug */,
				C8CA02CC2520BDB000C22815 /* Release */,
			);
			defaultConfigurationIsVisible = 0;
			defaultConfigurationName = Release;
		};
/* End XCConfigurationList section */
	};
	rootObject = C8CA02AE2520BDAC00C22815 /* Project object */;
}
