// !$*UTF8*$!
{
	archiveVersion = 1;
	classes = {
	};
	objectVersion = 52;
	objects = {

/* Begin PBXBuildFile section */
		0869D152CAA23394AB4F4D5A /* Pods_MissingPet.framework in Frameworks */ = {isa = PBXBuildFile; fileRef = 63777CC3059639FABDD46E8C /* Pods_MissingPet.framework */; };
		C82B02E625228A0900C5DBC1 /* ShadowView.swift in Sources */ = {isa = PBXBuildFile; fileRef = C82B02E525228A0900C5DBC1 /* ShadowView.swift */; };
		C834D5432522560E0070E3F6 /* UISetter.swift in Sources */ = {isa = PBXBuildFile; fileRef = C834D5422522560E0070E3F6 /* UISetter.swift */; };
		C86ED4B92520E4BB00189E8A /* Profile.storyboard in Resources */ = {isa = PBXBuildFile; fileRef = C86ED4B82520E4BB00189E8A /* Profile.storyboard */; };
		C86ED4BD2520E4EA00189E8A /* ProfilePresenter.swift in Sources */ = {isa = PBXBuildFile; fileRef = C86ED4BC2520E4EA00189E8A /* ProfilePresenter.swift */; };
		C86ED4C02520E51E00189E8A /* ProfileViewController.swift in Sources */ = {isa = PBXBuildFile; fileRef = C86ED4BF2520E51E00189E8A /* ProfileViewController.swift */; };
		C86ED4C32520E53D00189E8A /* ProfileNavigationController.swift in Sources */ = {isa = PBXBuildFile; fileRef = C86ED4C22520E53D00189E8A /* ProfileNavigationController.swift */; };
		C87FCB3D25252BF800BDDE17 /* Assets.xcassets in Resources */ = {isa = PBXBuildFile; fileRef = C87FCB3C25252BF800BDDE17 /* Assets.xcassets */; };
		C89F99FE254477E60022C7C4 /* Colors.swift in Sources */ = {isa = PBXBuildFile; fileRef = C89F99FD254477E60022C7C4 /* Colors.swift */; };
		C8AEAD31253F26AF0069F1B4 /* Announcement.swift in Sources */ = {isa = PBXBuildFile; fileRef = C8AEAD30253F26AF0069F1B4 /* Announcement.swift */; };
		C8BCC9802524C62200FB3164 /* MyAds.storyboard in Resources */ = {isa = PBXBuildFile; fileRef = C8BCC97F2524C62200FB3164 /* MyAds.storyboard */; };
		C8BCC9852524C65A00FB3164 /* MyAdsPresenter.swift in Sources */ = {isa = PBXBuildFile; fileRef = C8BCC9842524C65A00FB3164 /* MyAdsPresenter.swift */; };
		C8BCC9892524C68200FB3164 /* MyAdsViewController.swift in Sources */ = {isa = PBXBuildFile; fileRef = C8BCC9882524C68200FB3164 /* MyAdsViewController.swift */; };
		C8BCC98D2524C6A900FB3164 /* Feed.storyboard in Resources */ = {isa = PBXBuildFile; fileRef = C8BCC98C2524C6A900FB3164 /* Feed.storyboard */; };
		C8BCC9902524C71800FB3164 /* MyAdsNavigationController.swift in Sources */ = {isa = PBXBuildFile; fileRef = C8BCC98F2524C71800FB3164 /* MyAdsNavigationController.swift */; };
		C8C706692525A8E90094A75B /* FeedItemTableViewCell.swift in Sources */ = {isa = PBXBuildFile; fileRef = C8C706672525A8E90094A75B /* FeedItemTableViewCell.swift */; };
		C8C7066A2525A8E90094A75B /* FeedItemTableViewCell.xib in Resources */ = {isa = PBXBuildFile; fileRef = C8C706682525A8E90094A75B /* FeedItemTableViewCell.xib */; };
		C8CA02BA2520BDAD00C22815 /* AppDelegate.swift in Sources */ = {isa = PBXBuildFile; fileRef = C8CA02B92520BDAD00C22815 /* AppDelegate.swift */; };
		C8CA02C62520BDB000C22815 /* LaunchScreen.storyboard in Resources */ = {isa = PBXBuildFile; fileRef = C8CA02C42520BDB000C22815 /* LaunchScreen.storyboard */; };
		C8DBC608253CE6D20074811D /* NewAd.storyboard in Resources */ = {isa = PBXBuildFile; fileRef = C8DBC607253CE6D20074811D /* NewAd.storyboard */; };
		C8E03B48253CFA2500DE1A3E /* NewAdPresenter.swift in Sources */ = {isa = PBXBuildFile; fileRef = C8E03B47253CFA2500DE1A3E /* NewAdPresenter.swift */; };
		C8E03B4B253CFA8700DE1A3E /* NewAdViewController.swift in Sources */ = {isa = PBXBuildFile; fileRef = C8E03B4A253CFA8700DE1A3E /* NewAdViewController.swift */; };
		C8F441BF2520D2E800A6570D /* ViewType.swift in Sources */ = {isa = PBXBuildFile; fileRef = C8F441BE2520D2E800A6570D /* ViewType.swift */; };
		C8F441C32520D30500A6570D /* PresenterType.swift in Sources */ = {isa = PBXBuildFile; fileRef = C8F441C22520D30500A6570D /* PresenterType.swift */; };
		C8F441C62520D3D900A6570D /* StoryboardInstanceType.swift in Sources */ = {isa = PBXBuildFile; fileRef = C8F441C52520D3D900A6570D /* StoryboardInstanceType.swift */; };
		C8F441C92520D90D00A6570D /* UIWindow.swift in Sources */ = {isa = PBXBuildFile; fileRef = C8F441C82520D90D00A6570D /* UIWindow.swift */; };
		C8F441CC2520D94E00A6570D /* Navigator.swift in Sources */ = {isa = PBXBuildFile; fileRef = C8F441CB2520D94E00A6570D /* Navigator.swift */; };
		C8F441CF2520D96C00A6570D /* Controller.swift in Sources */ = {isa = PBXBuildFile; fileRef = C8F441CE2520D96C00A6570D /* Controller.swift */; };
		C8F441D72520DD8E00A6570D /* Storyboard.swift in Sources */ = {isa = PBXBuildFile; fileRef = C8F441D62520DD8E00A6570D /* Storyboard.swift */; };
		C8F441E22520DEB100A6570D /* FeedPresenter.swift in Sources */ = {isa = PBXBuildFile; fileRef = C8F441E12520DEB100A6570D /* FeedPresenter.swift */; };
		C8F441E62520DEEA00A6570D /* FeedViewController.swift in Sources */ = {isa = PBXBuildFile; fileRef = C8F441E52520DEEA00A6570D /* FeedViewController.swift */; };
		C8F441E92520DF5600A6570D /* FeedNavigationController.swift in Sources */ = {isa = PBXBuildFile; fileRef = C8F441E82520DF5600A6570D /* FeedNavigationController.swift */; };
		C8F76C52253C828200ED71C4 /* Router.swift in Sources */ = {isa = PBXBuildFile; fileRef = C8F76C51253C828200ED71C4 /* Router.swift */; };
		C8FDF0AF252479B000A2C962 /* MainTabBarController.swift in Sources */ = {isa = PBXBuildFile; fileRef = C8FDF0AE252479B000A2C962 /* MainTabBarController.swift */; };
		C8FDF0B3252479C800A2C962 /* Main.storyboard in Resources */ = {isa = PBXBuildFile; fileRef = C8FDF0B2252479C800A2C962 /* Main.storyboard */; };
/* End PBXBuildFile section */

/* Begin PBXFileReference section */
		2784DA8184CA10E8AD9CCCAD /* Pods-MissingPet.release.xcconfig */ = {isa = PBXFileReference; includeInIndex = 1; lastKnownFileType = text.xcconfig; name = "Pods-MissingPet.release.xcconfig"; path = "Target Support Files/Pods-MissingPet/Pods-MissingPet.release.xcconfig"; sourceTree = "<group>"; };
		63777CC3059639FABDD46E8C /* Pods_MissingPet.framework */ = {isa = PBXFileReference; explicitFileType = wrapper.framework; includeInIndex = 0; path = Pods_MissingPet.framework; sourceTree = BUILT_PRODUCTS_DIR; };
		66B7AA15D05DAF05F9F3D85B /* Pods-MissingPet.debug.xcconfig */ = {isa = PBXFileReference; includeInIndex = 1; lastKnownFileType = text.xcconfig; name = "Pods-MissingPet.debug.xcconfig"; path = "Target Support Files/Pods-MissingPet/Pods-MissingPet.debug.xcconfig"; sourceTree = "<group>"; };
		C82B02E525228A0900C5DBC1 /* ShadowView.swift */ = {isa = PBXFileReference; lastKnownFileType = sourcecode.swift; path = ShadowView.swift; sourceTree = "<group>"; };
		C834D5422522560E0070E3F6 /* UISetter.swift */ = {isa = PBXFileReference; lastKnownFileType = sourcecode.swift; path = UISetter.swift; sourceTree = "<group>"; };
		C86ED4B82520E4BB00189E8A /* Profile.storyboard */ = {isa = PBXFileReference; lastKnownFileType = file.storyboard; path = Profile.storyboard; sourceTree = "<group>"; };
		C86ED4BC2520E4EA00189E8A /* ProfilePresenter.swift */ = {isa = PBXFileReference; lastKnownFileType = sourcecode.swift; path = ProfilePresenter.swift; sourceTree = "<group>"; };
		C86ED4BF2520E51E00189E8A /* ProfileViewController.swift */ = {isa = PBXFileReference; lastKnownFileType = sourcecode.swift; path = ProfileViewController.swift; sourceTree = "<group>"; };
		C86ED4C22520E53D00189E8A /* ProfileNavigationController.swift */ = {isa = PBXFileReference; lastKnownFileType = sourcecode.swift; path = ProfileNavigationController.swift; sourceTree = "<group>"; };
		C87FCB3C25252BF800BDDE17 /* Assets.xcassets */ = {isa = PBXFileReference; lastKnownFileType = folder.assetcatalog; path = Assets.xcassets; sourceTree = "<group>"; };
		C89F99FD254477E60022C7C4 /* Colors.swift */ = {isa = PBXFileReference; lastKnownFileType = sourcecode.swift; path = Colors.swift; sourceTree = "<group>"; };
		C8AEAD30253F26AF0069F1B4 /* Announcement.swift */ = {isa = PBXFileReference; lastKnownFileType = sourcecode.swift; path = Announcement.swift; sourceTree = "<group>"; };
		C8BCC97F2524C62200FB3164 /* MyAds.storyboard */ = {isa = PBXFileReference; lastKnownFileType = file.storyboard; path = MyAds.storyboard; sourceTree = "<group>"; };
		C8BCC9842524C65A00FB3164 /* MyAdsPresenter.swift */ = {isa = PBXFileReference; lastKnownFileType = sourcecode.swift; path = MyAdsPresenter.swift; sourceTree = "<group>"; };
		C8BCC9882524C68200FB3164 /* MyAdsViewController.swift */ = {isa = PBXFileReference; lastKnownFileType = sourcecode.swift; path = MyAdsViewController.swift; sourceTree = "<group>"; };
		C8BCC98C2524C6A900FB3164 /* Feed.storyboard */ = {isa = PBXFileReference; lastKnownFileType = file.storyboard; path = Feed.storyboard; sourceTree = "<group>"; };
		C8BCC98F2524C71800FB3164 /* MyAdsNavigationController.swift */ = {isa = PBXFileReference; lastKnownFileType = sourcecode.swift; path = MyAdsNavigationController.swift; sourceTree = "<group>"; };
		C8C706672525A8E90094A75B /* FeedItemTableViewCell.swift */ = {isa = PBXFileReference; lastKnownFileType = sourcecode.swift; path = FeedItemTableViewCell.swift; sourceTree = "<group>"; };
		C8C706682525A8E90094A75B /* FeedItemTableViewCell.xib */ = {isa = PBXFileReference; lastKnownFileType = file.xib; path = FeedItemTableViewCell.xib; sourceTree = "<group>"; };
		C8CA02B62520BDAC00C22815 /* MissingPet.app */ = {isa = PBXFileReference; explicitFileType = wrapper.application; includeInIndex = 0; path = MissingPet.app; sourceTree = BUILT_PRODUCTS_DIR; };
		C8CA02B92520BDAD00C22815 /* AppDelegate.swift */ = {isa = PBXFileReference; lastKnownFileType = sourcecode.swift; path = AppDelegate.swift; sourceTree = "<group>"; };
		C8CA02C52520BDB000C22815 /* Base */ = {isa = PBXFileReference; lastKnownFileType = file.storyboard; name = Base; path = Base.lproj/LaunchScreen.storyboard; sourceTree = "<group>"; };
		C8CA02C72520BDB000C22815 /* Info.plist */ = {isa = PBXFileReference; lastKnownFileType = text.plist.xml; path = Info.plist; sourceTree = "<group>"; };
		C8DBC607253CE6D20074811D /* NewAd.storyboard */ = {isa = PBXFileReference; lastKnownFileType = file.storyboard; path = NewAd.storyboard; sourceTree = "<group>"; };
		C8E03B47253CFA2500DE1A3E /* NewAdPresenter.swift */ = {isa = PBXFileReference; lastKnownFileType = sourcecode.swift; path = NewAdPresenter.swift; sourceTree = "<group>"; };
		C8E03B4A253CFA8700DE1A3E /* NewAdViewController.swift */ = {isa = PBXFileReference; lastKnownFileType = sourcecode.swift; path = NewAdViewController.swift; sourceTree = "<group>"; };
		C8F441BE2520D2E800A6570D /* ViewType.swift */ = {isa = PBXFileReference; lastKnownFileType = sourcecode.swift; path = ViewType.swift; sourceTree = "<group>"; };
		C8F441C22520D30500A6570D /* PresenterType.swift */ = {isa = PBXFileReference; lastKnownFileType = sourcecode.swift; path = PresenterType.swift; sourceTree = "<group>"; };
		C8F441C52520D3D900A6570D /* StoryboardInstanceType.swift */ = {isa = PBXFileReference; lastKnownFileType = sourcecode.swift; path = StoryboardInstanceType.swift; sourceTree = "<group>"; };
		C8F441C82520D90D00A6570D /* UIWindow.swift */ = {isa = PBXFileReference; lastKnownFileType = sourcecode.swift; path = UIWindow.swift; sourceTree = "<group>"; };
		C8F441CB2520D94E00A6570D /* Navigator.swift */ = {isa = PBXFileReference; lastKnownFileType = sourcecode.swift; path = Navigator.swift; sourceTree = "<group>"; };
		C8F441CE2520D96C00A6570D /* Controller.swift */ = {isa = PBXFileReference; lastKnownFileType = sourcecode.swift; path = Controller.swift; sourceTree = "<group>"; };
		C8F441D62520DD8E00A6570D /* Storyboard.swift */ = {isa = PBXFileReference; lastKnownFileType = sourcecode.swift; path = Storyboard.swift; sourceTree = "<group>"; };
		C8F441E12520DEB100A6570D /* FeedPresenter.swift */ = {isa = PBXFileReference; lastKnownFileType = sourcecode.swift; path = FeedPresenter.swift; sourceTree = "<group>"; };
		C8F441E52520DEEA00A6570D /* FeedViewController.swift */ = {isa = PBXFileReference; lastKnownFileType = sourcecode.swift; path = FeedViewController.swift; sourceTree = "<group>"; };
		C8F441E82520DF5600A6570D /* FeedNavigationController.swift */ = {isa = PBXFileReference; lastKnownFileType = sourcecode.swift; path = FeedNavigationController.swift; sourceTree = "<group>"; };
		C8F76C51253C828200ED71C4 /* Router.swift */ = {isa = PBXFileReference; lastKnownFileType = sourcecode.swift; path = Router.swift; sourceTree = "<group>"; };
		C8FDF0AE252479B000A2C962 /* MainTabBarController.swift */ = {isa = PBXFileReference; lastKnownFileType = sourcecode.swift; path = MainTabBarController.swift; sourceTree = "<group>"; };
		C8FDF0B2252479C800A2C962 /* Main.storyboard */ = {isa = PBXFileReference; lastKnownFileType = file.storyboard; path = Main.storyboard; sourceTree = "<group>"; };
/* End PBXFileReference section */

/* Begin PBXFrameworksBuildPhase section */
		C8CA02B32520BDAC00C22815 /* Frameworks */ = {
			isa = PBXFrameworksBuildPhase;
			buildActionMask = 2147483647;
			files = (
				0869D152CAA23394AB4F4D5A /* Pods_MissingPet.framework in Frameworks */,
			);
			runOnlyForDeploymentPostprocessing = 0;
		};
/* End PBXFrameworksBuildPhase section */

/* Begin PBXGroup section */
		78CEC00D0D149F083C9882E4 /* Pods */ = {
			isa = PBXGroup;
			children = (
				66B7AA15D05DAF05F9F3D85B /* Pods-MissingPet.debug.xcconfig */,
				2784DA8184CA10E8AD9CCCAD /* Pods-MissingPet.release.xcconfig */,
			);
			path = Pods;
			sourceTree = "<group>";
		};
		C834D541252255EC0070E3F6 /* ReusableUI */ = {
			isa = PBXGroup;
			children = (
				C834D5422522560E0070E3F6 /* UISetter.swift */,
				C82B02E525228A0900C5DBC1 /* ShadowView.swift */,
			);
			path = ReusableUI;
			sourceTree = "<group>";
		};
		C86ED4B42520E49C00189E8A /* Profile */ = {
			isa = PBXGroup;
			children = (
				C86ED4B82520E4BB00189E8A /* Profile.storyboard */,
				C86ED4B62520E4A300189E8A /* Presenters */,
				C86ED4B72520E4AB00189E8A /* Controllers */,
			);
			path = Profile;
			sourceTree = "<group>";
		};
		C86ED4B62520E4A300189E8A /* Presenters */ = {
			isa = PBXGroup;
			children = (
				C86ED4BC2520E4EA00189E8A /* ProfilePresenter.swift */,
			);
			path = Presenters;
			sourceTree = "<group>";
		};
		C86ED4B72520E4AB00189E8A /* Controllers */ = {
			isa = PBXGroup;
			children = (
				C86ED4BF2520E51E00189E8A /* ProfileViewController.swift */,
				C86ED4C22520E53D00189E8A /* ProfileNavigationController.swift */,
			);
			path = Controllers;
			sourceTree = "<group>";
		};
		C89D7BEF253AEB8600074C57 /* DataAccessLayer */ = {
			isa = PBXGroup;
			children = (
				C8F76C56253CA0C400ED71C4 /* Web */,
			);
			path = DataAccessLayer;
			sourceTree = "<group>";
		};
		C89F9A00254478A60022C7C4 /* Resources */ = {
			isa = PBXGroup;
			children = (
				C89F9A01254478CB0022C7C4 /* Fonts */,
				C89F99FD254477E60022C7C4 /* Colors.swift */,
				C87FCB3C25252BF800BDDE17 /* Assets.xcassets */,
			);
			path = Resources;
			sourceTree = "<group>";
		};
		C89F9A01254478CB0022C7C4 /* Fonts */ = {
			isa = PBXGroup;
			children = (
			);
			path = Fonts;
			sourceTree = "<group>";
		};
		C8AEAD2F253F269D0069F1B4 /* Models */ = {
			isa = PBXGroup;
			children = (
				C8AEAD30253F26AF0069F1B4 /* Announcement.swift */,
			);
			path = Models;
			sourceTree = "<group>";
		};
		C8BCC97E2524C5BB00FB3164 /* MyAds */ = {
			isa = PBXGroup;
			children = (
				C8BCC97F2524C62200FB3164 /* MyAds.storyboard */,
				C8BCC9832524C64600FB3164 /* Presenters */,
				C8BCC9822524C63800FB3164 /* Controllers */,
			);
			path = MyAds;
			sourceTree = "<group>";
		};
		C8BCC9822524C63800FB3164 /* Controllers */ = {
			isa = PBXGroup;
			children = (
				C8BCC9882524C68200FB3164 /* MyAdsViewController.swift */,
				C8BCC98F2524C71800FB3164 /* MyAdsNavigationController.swift */,
			);
			path = Controllers;
			sourceTree = "<group>";
		};
		C8BCC9832524C64600FB3164 /* Presenters */ = {
			isa = PBXGroup;
			children = (
				C8BCC9842524C65A00FB3164 /* MyAdsPresenter.swift */,
			);
			path = Presenters;
			sourceTree = "<group>";
		};
		C8C706662525A8B00094A75B /* Cells */ = {
			isa = PBXGroup;
			children = (
				C8C706672525A8E90094A75B /* FeedItemTableViewCell.swift */,
				C8C706682525A8E90094A75B /* FeedItemTableViewCell.xib */,
			);
			path = Cells;
			sourceTree = "<group>";
		};
		C8CA02AD2520BDAC00C22815 = {
			isa = PBXGroup;
			children = (
				C8CA02B82520BDAC00C22815 /* MissingPet */,
				C8CA02B72520BDAC00C22815 /* Products */,
				78CEC00D0D149F083C9882E4 /* Pods */,
				DAFFA6FBB146DAA839EB619F /* Frameworks */,
			);
			sourceTree = "<group>";
		};
		C8CA02B72520BDAC00C22815 /* Products */ = {
			isa = PBXGroup;
			children = (
				C8CA02B62520BDAC00C22815 /* MissingPet.app */,
			);
			name = Products;
			sourceTree = "<group>";
		};
		C8CA02B82520BDAC00C22815 /* MissingPet */ = {
			isa = PBXGroup;
			children = (
				C8CA02C42520BDB000C22815 /* LaunchScreen.storyboard */,
				C8CA02C72520BDB000C22815 /* Info.plist */,
				C8CA02B92520BDAD00C22815 /* AppDelegate.swift */,
				C89F9A00254478A60022C7C4 /* Resources */,
				C8F441BC2520D2B500A6570D /* ArchitecturePattern */,
				C834D541252255EC0070E3F6 /* ReusableUI */,
				C8F441D32520DD5400A6570D /* Presentation */,
				C89D7BEF253AEB8600074C57 /* DataAccessLayer */,
			);
			path = MissingPet;
			sourceTree = "<group>";
		};
		C8DBC606253CE6AC0074811D /* NewAd */ = {
			isa = PBXGroup;
			children = (
				C8DBC607253CE6D20074811D /* NewAd.storyboard */,
				C8E03B42253CE71000DE1A3E /* Presenters */,
				C8E03B45253CE71A00DE1A3E /* Controllers */,
			);
			path = NewAd;
			sourceTree = "<group>";
		};
		C8E03B42253CE71000DE1A3E /* Presenters */ = {
			isa = PBXGroup;
			children = (
				C8E03B47253CFA2500DE1A3E /* NewAdPresenter.swift */,
			);
			path = Presenters;
			sourceTree = "<group>";
		};
		C8E03B45253CE71A00DE1A3E /* Controllers */ = {
			isa = PBXGroup;
			children = (
				C8E03B4A253CFA8700DE1A3E /* NewAdViewController.swift */,
			);
			path = Controllers;
			sourceTree = "<group>";
		};
		C8F441BC2520D2B500A6570D /* ArchitecturePattern */ = {
			isa = PBXGroup;
			children = (
				C8F441CB2520D94E00A6570D /* Navigator.swift */,
				C8F441C82520D90D00A6570D /* UIWindow.swift */,
				C8F441CE2520D96C00A6570D /* Controller.swift */,
				C8F441BD2520D2C200A6570D /* Abstract */,
			);
			path = ArchitecturePattern;
			sourceTree = "<group>";
		};
		C8F441BD2520D2C200A6570D /* Abstract */ = {
			isa = PBXGroup;
			children = (
				C8F441BE2520D2E800A6570D /* ViewType.swift */,
				C8F441C22520D30500A6570D /* PresenterType.swift */,
				C8F441C52520D3D900A6570D /* StoryboardInstanceType.swift */,
			);
			path = Abstract;
			sourceTree = "<group>";
		};
		C8F441D32520DD5400A6570D /* Presentation */ = {
			isa = PBXGroup;
			children = (
				C8F441D62520DD8E00A6570D /* Storyboard.swift */,
				C8DBC606253CE6AC0074811D /* NewAd */,
				C8BCC97E2524C5BB00FB3164 /* MyAds */,
				C8FDF0AC2524795C00A2C962 /* Main */,
				C86ED4B42520E49C00189E8A /* Profile */,
				C8F441DA2520DE0E00A6570D /* Feed */,
			);
			path = Presentation;
			sourceTree = "<group>";
		};
		C8F441DA2520DE0E00A6570D /* Feed */ = {
			isa = PBXGroup;
			children = (
				C8BCC98C2524C6A900FB3164 /* Feed.storyboard */,
				C8C706662525A8B00094A75B /* Cells */,
				C8F441E02520DE7100A6570D /* Presenters */,
				C8F441DF2520DE5900A6570D /* Controllers */,
			);
			path = Feed;
			sourceTree = "<group>";
		};
		C8F441DF2520DE5900A6570D /* Controllers */ = {
			isa = PBXGroup;
			children = (
				C8F441E52520DEEA00A6570D /* FeedViewController.swift */,
				C8F441E82520DF5600A6570D /* FeedNavigationController.swift */,
			);
			path = Controllers;
			sourceTree = "<group>";
		};
		C8F441E02520DE7100A6570D /* Presenters */ = {
			isa = PBXGroup;
			children = (
				C8F441E12520DEB100A6570D /* FeedPresenter.swift */,
			);
			path = Presenters;
			sourceTree = "<group>";
		};
		C8F76C56253CA0C400ED71C4 /* Web */ = {
			isa = PBXGroup;
			children = (
				C8AEAD2F253F269D0069F1B4 /* Models */,
				C8F76C51253C828200ED71C4 /* Router.swift */,
			);
			path = Web;
			sourceTree = "<group>";
		};
		C8FDF0AC2524795C00A2C962 /* Main */ = {
			isa = PBXGroup;
			children = (
				C8FDF0B2252479C800A2C962 /* Main.storyboard */,
				C8FDF0AD2524798E00A2C962 /* Controllers */,
			);
			path = Main;
			sourceTree = "<group>";
		};
		C8FDF0AD2524798E00A2C962 /* Controllers */ = {
			isa = PBXGroup;
			children = (
				C8FDF0AE252479B000A2C962 /* MainTabBarController.swift */,
			);
			path = Controllers;
			sourceTree = "<group>";
		};
		DAFFA6FBB146DAA839EB619F /* Frameworks */ = {
			isa = PBXGroup;
			children = (
				63777CC3059639FABDD46E8C /* Pods_MissingPet.framework */,
			);
			name = Frameworks;
			sourceTree = "<group>";
		};
/* End PBXGroup section */

/* Begin PBXNativeTarget section */
		C8CA02B52520BDAC00C22815 /* MissingPet */ = {
			isa = PBXNativeTarget;
			buildConfigurationList = C8CA02CA2520BDB000C22815 /* Build configuration list for PBXNativeTarget "MissingPet" */;
			buildPhases = (
				8C8DFE161E976DB31F8F560E /* [CP] Check Pods Manifest.lock */,
				C8CA02B22520BDAC00C22815 /* Sources */,
				C8CA02B32520BDAC00C22815 /* Frameworks */,
				C8CA02B42520BDAC00C22815 /* Resources */,
				7B8B3AF8C2517272EB21C730 /* [CP] Embed Pods Frameworks */,
			);
			buildRules = (
			);
			dependencies = (
			);
			name = MissingPet;
			productName = MissingPet;
			productReference = C8CA02B62520BDAC00C22815 /* MissingPet.app */;
			productType = "com.apple.product-type.application";
		};
/* End PBXNativeTarget section */

/* Begin PBXProject section */
		C8CA02AE2520BDAC00C22815 /* Project object */ = {
			isa = PBXProject;
			attributes = {
				LastSwiftUpdateCheck = 1200;
				LastUpgradeCheck = 1200;
				TargetAttributes = {
					C8CA02B52520BDAC00C22815 = {
						CreatedOnToolsVersion = 12.0;
					};
				};
			};
			buildConfigurationList = C8CA02B12520BDAC00C22815 /* Build configuration list for PBXProject "MissingPet" */;
			compatibilityVersion = "Xcode 11.0";
			developmentRegion = en;
			hasScannedForEncodings = 0;
			knownRegions = (
				en,
				Base,
			);
			mainGroup = C8CA02AD2520BDAC00C22815;
			productRefGroup = C8CA02B72520BDAC00C22815 /* Products */;
			projectDirPath = "";
			projectRoot = "";
			targets = (
				C8CA02B52520BDAC00C22815 /* MissingPet */,
			);
		};
/* End PBXProject section */

/* Begin PBXResourcesBuildPhase section */
		C8CA02B42520BDAC00C22815 /* Resources */ = {
			isa = PBXResourcesBuildPhase;
			buildActionMask = 2147483647;
			files = (
				C8BCC9802524C62200FB3164 /* MyAds.storyboard in Resources */,
				C8FDF0B3252479C800A2C962 /* Main.storyboard in Resources */,
				C8C7066A2525A8E90094A75B /* FeedItemTableViewCell.xib in Resources */,
				C8BCC98D2524C6A900FB3164 /* Feed.storyboard in Resources */,
				C8CA02C62520BDB000C22815 /* LaunchScreen.storyboard in Resources */,
				C87FCB3D25252BF800BDDE17 /* Assets.xcassets in Resources */,
				C8DBC608253CE6D20074811D /* NewAd.storyboard in Resources */,
				C86ED4B92520E4BB00189E8A /* Profile.storyboard in Resources */,
			);
			runOnlyForDeploymentPostprocessing = 0;
		};
/* End PBXResourcesBuildPhase section */

/* Begin PBXShellScriptBuildPhase section */
		7B8B3AF8C2517272EB21C730 /* [CP] Embed Pods Frameworks */ = {
			isa = PBXShellScriptBuildPhase;
			buildActionMask = 2147483647;
			files = (
			);
			inputFileListPaths = (
				"${PODS_ROOT}/Target Support Files/Pods-MissingPet/Pods-MissingPet-frameworks-${CONFIGURATION}-input-files.xcfilelist",
			);
			name = "[CP] Embed Pods Frameworks";
			outputFileListPaths = (
				"${PODS_ROOT}/Target Support Files/Pods-MissingPet/Pods-MissingPet-frameworks-${CONFIGURATION}-output-files.xcfilelist",
			);
			runOnlyForDeploymentPostprocessing = 0;
			shellPath = /bin/sh;
			shellScript = "\"${PODS_ROOT}/Target Support Files/Pods-MissingPet/Pods-MissingPet-frameworks.sh\"\n";
			showEnvVarsInLog = 0;
		};
		8C8DFE161E976DB31F8F560E /* [CP] Check Pods Manifest.lock */ = {
			isa = PBXShellScriptBuildPhase;
			buildActionMask = 2147483647;
			files = (
			);
			inputFileListPaths = (
			);
			inputPaths = (
				"${PODS_PODFILE_DIR_PATH}/Podfile.lock",
				"${PODS_ROOT}/Manifest.lock",
			);
			name = "[CP] Check Pods Manifest.lock";
			outputFileListPaths = (
			);
			outputPaths = (
				"$(DERIVED_FILE_DIR)/Pods-MissingPet-checkManifestLockResult.txt",
			);
			runOnlyForDeploymentPostprocessing = 0;
			shellPath = /bin/sh;
			shellScript = "diff \"${PODS_PODFILE_DIR_PATH}/Podfile.lock\" \"${PODS_ROOT}/Manifest.lock\" > /dev/null\nif [ $? != 0 ] ; then\n    # print error to STDERR\n    echo \"error: The sandbox is not in sync with the Podfile.lock. Run 'pod install' or update your CocoaPods installation.\" >&2\n    exit 1\nfi\n# This output is used by Xcode 'outputs' to avoid re-running this script phase.\necho \"SUCCESS\" > \"${SCRIPT_OUTPUT_FILE_0}\"\n";
			showEnvVarsInLog = 0;
		};
/* End PBXShellScriptBuildPhase section */

/* Begin PBXSourcesBuildPhase section */
		C8CA02B22520BDAC00C22815 /* Sources */ = {
			isa = PBXSourcesBuildPhase;
			buildActionMask = 2147483647;
			files = (
				C8F76C52253C828200ED71C4 /* Router.swift in Sources */,
				C8F441CC2520D94E00A6570D /* Navigator.swift in Sources */,
				C86ED4C32520E53D00189E8A /* ProfileNavigationController.swift in Sources */,
				C8AEAD31253F26AF0069F1B4 /* Announcement.swift in Sources */,
				C8F441C32520D30500A6570D /* PresenterType.swift in Sources */,
				C86ED4BD2520E4EA00189E8A /* ProfilePresenter.swift in Sources */,
				C8BCC9902524C71800FB3164 /* MyAdsNavigationController.swift in Sources */,
				C8C706692525A8E90094A75B /* FeedItemTableViewCell.swift in Sources */,
				C834D5432522560E0070E3F6 /* UISetter.swift in Sources */,
				C8F441BF2520D2E800A6570D /* ViewType.swift in Sources */,
				C8F441E92520DF5600A6570D /* FeedNavigationController.swift in Sources */,
				C8F441E22520DEB100A6570D /* FeedPresenter.swift in Sources */,
				C8BCC9892524C68200FB3164 /* MyAdsViewController.swift in Sources */,
				C8F441C62520D3D900A6570D /* StoryboardInstanceType.swift in Sources */,
				C8E03B48253CFA2500DE1A3E /* NewAdPresenter.swift in Sources */,
				C8F441D72520DD8E00A6570D /* Storyboard.swift in Sources */,
				C8F441C92520D90D00A6570D /* UIWindow.swift in Sources */,
				C8CA02BA2520BDAD00C22815 /* AppDelegate.swift in Sources */,
				C82B02E625228A0900C5DBC1 /* ShadowView.swift in Sources */,
				C8E03B4B253CFA8700DE1A3E /* NewAdViewController.swift in Sources */,
				C86ED4C02520E51E00189E8A /* ProfileViewController.swift in Sources */,
				C89F99FE254477E60022C7C4 /* Colors.swift in Sources */,
				C8F441CF2520D96C00A6570D /* Controller.swift in Sources */,
				C8BCC9852524C65A00FB3164 /* MyAdsPresenter.swift in Sources */,
				C8F441E62520DEEA00A6570D /* FeedViewController.swift in Sources */,
				C8FDF0AF252479B000A2C962 /* MainTabBarController.swift in Sources */,
			);
			runOnlyForDeploymentPostprocessing = 0;
		};
/* End PBXSourcesBuildPhase section */

/* Begin PBXVariantGroup section */
		C8CA02C42520BDB000C22815 /* LaunchScreen.storyboard */ = {
			isa = PBXVariantGroup;
			children = (
				C8CA02C52520BDB000C22815 /* Base */,
			);
			name = LaunchScreen.storyboard;
			sourceTree = "<group>";
		};
/* End PBXVariantGroup section */

/* Begin XCBuildConfiguration section */
		C8CA02C82520BDB000C22815 /* Debug */ = {
			isa = XCBuildConfiguration;
			buildSettings = {
				ALWAYS_SEARCH_USER_PATHS = NO;
				CLANG_ANALYZER_NONNULL = YES;
				CLANG_ANALYZER_NUMBER_OBJECT_CONVERSION = YES_AGGRESSIVE;
				CLANG_CXX_LANGUAGE_STANDARD = "gnu++14";
				CLANG_CXX_LIBRARY = "libc++";
				CLANG_ENABLE_MODULES = YES;
				CLANG_ENABLE_OBJC_ARC = YES;
				CLANG_ENABLE_OBJC_WEAK = YES;
				CLANG_WARN_BLOCK_CAPTURE_AUTORELEASING = YES;
				CLANG_WARN_BOOL_CONVERSION = YES;
				CLANG_WARN_COMMA = YES;
				CLANG_WARN_CONSTANT_CONVERSION = YES;
				CLANG_WARN_DEPRECATED_OBJC_IMPLEMENTATIONS = YES;
				CLANG_WARN_DIRECT_OBJC_ISA_USAGE = YES_ERROR;
				CLANG_WARN_DOCUMENTATION_COMMENTS = YES;
				CLANG_WARN_EMPTY_BODY = YES;
				CLANG_WARN_ENUM_CONVERSION = YES;
				CLANG_WARN_INFINITE_RECURSION = YES;
				CLANG_WARN_INT_CONVERSION = YES;
				CLANG_WARN_NON_LITERAL_NULL_CONVERSION = YES;
				CLANG_WARN_OBJC_IMPLICIT_RETAIN_SELF = YES;
				CLANG_WARN_OBJC_LITERAL_CONVERSION = YES;
				CLANG_WARN_OBJC_ROOT_CLASS = YES_ERROR;
				CLANG_WARN_QUOTED_INCLUDE_IN_FRAMEWORK_HEADER = YES;
				CLANG_WARN_RANGE_LOOP_ANALYSIS = YES;
				CLANG_WARN_STRICT_PROTOTYPES = YES;
				CLANG_WARN_SUSPICIOUS_MOVE = YES;
				CLANG_WARN_UNGUARDED_AVAILABILITY = YES_AGGRESSIVE;
				CLANG_WARN_UNREACHABLE_CODE = YES;
				CLANG_WARN__DUPLICATE_METHOD_MATCH = YES;
				COPY_PHASE_STRIP = NO;
				DEBUG_INFORMATION_FORMAT = dwarf;
				ENABLE_STRICT_OBJC_MSGSEND = YES;
				ENABLE_TESTABILITY = YES;
				GCC_C_LANGUAGE_STANDARD = gnu11;
				GCC_DYNAMIC_NO_PIC = NO;
				GCC_NO_COMMON_BLOCKS = YES;
				GCC_OPTIMIZATION_LEVEL = 0;
				GCC_PREPROCESSOR_DEFINITIONS = (
					"DEBUG=1",
					"$(inherited)",
				);
				GCC_WARN_64_TO_32_BIT_CONVERSION = YES;
				GCC_WARN_ABOUT_RETURN_TYPE = YES_ERROR;
				GCC_WARN_UNDECLARED_SELECTOR = YES;
				GCC_WARN_UNINITIALIZED_AUTOS = YES_AGGRESSIVE;
				GCC_WARN_UNUSED_FUNCTION = YES;
				GCC_WARN_UNUSED_VARIABLE = YES;
				IPHONEOS_DEPLOYMENT_TARGET = 14.0;
				MTL_ENABLE_DEBUG_INFO = INCLUDE_SOURCE;
				MTL_FAST_MATH = YES;
				ONLY_ACTIVE_ARCH = YES;
				SDKROOT = iphoneos;
				SWIFT_ACTIVE_COMPILATION_CONDITIONS = DEBUG;
				SWIFT_OPTIMIZATION_LEVEL = "-Onone";
			};
			name = Debug;
		};
		C8CA02C92520BDB000C22815 /* Release */ = {
			isa = XCBuildConfiguration;
			buildSettings = {
				ALWAYS_SEARCH_USER_PATHS = NO;
				CLANG_ANALYZER_NONNULL = YES;
				CLANG_ANALYZER_NUMBER_OBJECT_CONVERSION = YES_AGGRESSIVE;
				CLANG_CXX_LANGUAGE_STANDARD = "gnu++14";
				CLANG_CXX_LIBRARY = "libc++";
				CLANG_ENABLE_MODULES = YES;
				CLANG_ENABLE_OBJC_ARC = YES;
				CLANG_ENABLE_OBJC_WEAK = YES;
				CLANG_WARN_BLOCK_CAPTURE_AUTORELEASING = YES;
				CLANG_WARN_BOOL_CONVERSION = YES;
				CLANG_WARN_COMMA = YES;
				CLANG_WARN_CONSTANT_CONVERSION = YES;
				CLANG_WARN_DEPRECATED_OBJC_IMPLEMENTATIONS = YES;
				CLANG_WARN_DIRECT_OBJC_ISA_USAGE = YES_ERROR;
				CLANG_WARN_DOCUMENTATION_COMMENTS = YES;
				CLANG_WARN_EMPTY_BODY = YES;
				CLANG_WARN_ENUM_CONVERSION = YES;
				CLANG_WARN_INFINITE_RECURSION = YES;
				CLANG_WARN_INT_CONVERSION = YES;
				CLANG_WARN_NON_LITERAL_NULL_CONVERSION = YES;
				CLANG_WARN_OBJC_IMPLICIT_RETAIN_SELF = YES;
				CLANG_WARN_OBJC_LITERAL_CONVERSION = YES;
				CLANG_WARN_OBJC_ROOT_CLASS = YES_ERROR;
				CLANG_WARN_QUOTED_INCLUDE_IN_FRAMEWORK_HEADER = YES;
				CLANG_WARN_RANGE_LOOP_ANALYSIS = YES;
				CLANG_WARN_STRICT_PROTOTYPES = YES;
				CLANG_WARN_SUSPICIOUS_MOVE = YES;
				CLANG_WARN_UNGUARDED_AVAILABILITY = YES_AGGRESSIVE;
				CLANG_WARN_UNREACHABLE_CODE = YES;
				CLANG_WARN__DUPLICATE_METHOD_MATCH = YES;
				COPY_PHASE_STRIP = NO;
				DEBUG_INFORMATION_FORMAT = "dwarf-with-dsym";
				ENABLE_NS_ASSERTIONS = NO;
				ENABLE_STRICT_OBJC_MSGSEND = YES;
				GCC_C_LANGUAGE_STANDARD = gnu11;
				GCC_NO_COMMON_BLOCKS = YES;
				GCC_WARN_64_TO_32_BIT_CONVERSION = YES;
				GCC_WARN_ABOUT_RETURN_TYPE = YES_ERROR;
				GCC_WARN_UNDECLARED_SELECTOR = YES;
				GCC_WARN_UNINITIALIZED_AUTOS = YES_AGGRESSIVE;
				GCC_WARN_UNUSED_FUNCTION = YES;
				GCC_WARN_UNUSED_VARIABLE = YES;
				IPHONEOS_DEPLOYMENT_TARGET = 14.0;
				MTL_ENABLE_DEBUG_INFO = NO;
				MTL_FAST_MATH = YES;
				SDKROOT = iphoneos;
				SWIFT_COMPILATION_MODE = wholemodule;
				SWIFT_OPTIMIZATION_LEVEL = "-O";
				VALIDATE_PRODUCT = YES;
			};
			name = Release;
		};
		C8CA02CB2520BDB000C22815 /* Debug */ = {
			isa = XCBuildConfiguration;
			baseConfigurationReference = 66B7AA15D05DAF05F9F3D85B /* Pods-MissingPet.debug.xcconfig */;
			buildSettings = {
				ASSETCATALOG_COMPILER_APPICON_NAME = AppIcon;
				ASSETCATALOG_COMPILER_GLOBAL_ACCENT_COLOR_NAME = AccentColor;
				CODE_SIGN_STYLE = Automatic;
				DEVELOPMENT_TEAM = 24X4EL2BCS;
				INFOPLIST_FILE = MissingPet/Info.plist;
				IPHONEOS_DEPLOYMENT_TARGET = 11.0;
				LD_RUNPATH_SEARCH_PATHS = (
					"$(inherited)",
					"@executable_path/Frameworks",
				);
				PRODUCT_BUNDLE_IDENTIFIER = ru.meremeev.MissingPet;
				PRODUCT_NAME = "$(TARGET_NAME)";
				SWIFT_VERSION = 5.0;
				TARGETED_DEVICE_FAMILY = 1;
			};
			name = Debug;
		};
		C8CA02CC2520BDB000C22815 /* Release */ = {
			isa = XCBuildConfiguration;
			baseConfigurationReference = 2784DA8184CA10E8AD9CCCAD /* Pods-MissingPet.release.xcconfig */;
			buildSettings = {
				ASSETCATALOG_COMPILER_APPICON_NAME = AppIcon;
				ASSETCATALOG_COMPILER_GLOBAL_ACCENT_COLOR_NAME = AccentColor;
				CODE_SIGN_STYLE = Automatic;
				DEVELOPMENT_TEAM = 24X4EL2BCS;
				INFOPLIST_FILE = MissingPet/Info.plist;
				IPHONEOS_DEPLOYMENT_TARGET = 11.0;
				LD_RUNPATH_SEARCH_PATHS = (
					"$(inherited)",
					"@executable_path/Frameworks",
				);
				PRODUCT_BUNDLE_IDENTIFIER = ru.meremeev.MissingPet;
				PRODUCT_NAME = "$(TARGET_NAME)";
				SWIFT_VERSION = 5.0;
				TARGETED_DEVICE_FAMILY = 1;
			};
			name = Release;
		};
/* End XCBuildConfiguration section */

/* Begin XCConfigurationList section */
		C8CA02B12520BDAC00C22815 /* Build configuration list for PBXProject "MissingPet" */ = {
			isa = XCConfigurationList;
			buildConfigurations = (
				C8CA02C82520BDB000C22815 /* Debug */,
				C8CA02C92520BDB000C22815 /* Release */,
			);
			defaultConfigurationIsVisible = 0;
			defaultConfigurationName = Release;
		};
		C8CA02CA2520BDB000C22815 /* Build configuration list for PBXNativeTarget "MissingPet" */ = {
			isa = XCConfigurationList;
			buildConfigurations = (
				C8CA02CB2520BDB000C22815 /* Debug */,
				C8CA02CC2520BDB000C22815 /* Release */,
			);
			defaultConfigurationIsVisible = 0;
			defaultConfigurationName = Release;
		};
/* End XCConfigurationList section */
	};
	rootObject = C8CA02AE2520BDAC00C22815 /* Project object */;
}
